// !$*UTF8*$!
{
	archiveVersion = 1;
	classes = {
	};
	objectVersion = 46;
	objects = {

/* Begin PBXBuildFile section */
		D085A9BF13DBA6F500DEC640 /* QuartzCore.framework in Frameworks */ = {isa = PBXBuildFile; fileRef = D085A9BE13DBA6F500DEC640 /* QuartzCore.framework */; };
		D085A9C113DBA6F500DEC640 /* OpenGLES.framework in Frameworks */ = {isa = PBXBuildFile; fileRef = D085A9C013DBA6F500DEC640 /* OpenGLES.framework */; };
		D085A9C313DBA6F500DEC640 /* OpenAL.framework in Frameworks */ = {isa = PBXBuildFile; fileRef = D085A9C213DBA6F500DEC640 /* OpenAL.framework */; };
		D085A9C513DBA6F500DEC640 /* AudioToolbox.framework in Frameworks */ = {isa = PBXBuildFile; fileRef = D085A9C413DBA6F500DEC640 /* AudioToolbox.framework */; };
		D085A9C713DBA6F500DEC640 /* AVFoundation.framework in Frameworks */ = {isa = PBXBuildFile; fileRef = D085A9C613DBA6F500DEC640 /* AVFoundation.framework */; };
		D085A9C913DBA6F500DEC640 /* UIKit.framework in Frameworks */ = {isa = PBXBuildFile; fileRef = D085A9C813DBA6F500DEC640 /* UIKit.framework */; };
		D085A9CB13DBA6F500DEC640 /* Foundation.framework in Frameworks */ = {isa = PBXBuildFile; fileRef = D085A9CA13DBA6F500DEC640 /* Foundation.framework */; };
		D085A9CD13DBA6F500DEC640 /* CoreGraphics.framework in Frameworks */ = {isa = PBXBuildFile; fileRef = D085A9CC13DBA6F500DEC640 /* CoreGraphics.framework */; };
		D085A9D113DBA6F500DEC640 /* Default.png in Resources */ = {isa = PBXBuildFile; fileRef = D085A9D013DBA6F500DEC640 /* Default.png */; };
		D085A9D313DBA6F500DEC640 /* fps_images.png in Resources */ = {isa = PBXBuildFile; fileRef = D085A9D213DBA6F500DEC640 /* fps_images.png */; };
		D085A9D513DBA6F500DEC640 /* Icon-72.png in Resources */ = {isa = PBXBuildFile; fileRef = D085A9D413DBA6F500DEC640 /* Icon-72.png */; };
		D085A9D713DBA6F500DEC640 /* Icon-Small-50.png in Resources */ = {isa = PBXBuildFile; fileRef = D085A9D613DBA6F500DEC640 /* Icon-Small-50.png */; };
		D085A9D913DBA6F500DEC640 /* Icon-Small.png in Resources */ = {isa = PBXBuildFile; fileRef = D085A9D813DBA6F500DEC640 /* Icon-Small.png */; };
		D085A9DB13DBA6F500DEC640 /* Icon-Small@2x.png in Resources */ = {isa = PBXBuildFile; fileRef = D085A9DA13DBA6F500DEC640 /* Icon-Small@2x.png */; };
		D085A9DD13DBA6F500DEC640 /* Icon.png in Resources */ = {isa = PBXBuildFile; fileRef = D085A9DC13DBA6F500DEC640 /* Icon.png */; };
		D085A9DF13DBA6F500DEC640 /* Icon@2x.png in Resources */ = {isa = PBXBuildFile; fileRef = D085A9DE13DBA6F500DEC640 /* Icon@2x.png */; };
		D085A9E213DBA6F500DEC640 /* iTunesArtwork in Resources */ = {isa = PBXBuildFile; fileRef = D085A9E113DBA6F500DEC640 /* iTunesArtwork */; };
		D085A9E613DBA6F500DEC640 /* CCAction.m in Sources */ = {isa = PBXBuildFile; fileRef = D085A9E513DBA6F500DEC640 /* CCAction.m */; };
		D085A9E913DBA6F500DEC640 /* CCActionCamera.m in Sources */ = {isa = PBXBuildFile; fileRef = D085A9E813DBA6F500DEC640 /* CCActionCamera.m */; };
		D085A9EC13DBA6F500DEC640 /* CCActionEase.m in Sources */ = {isa = PBXBuildFile; fileRef = D085A9EB13DBA6F500DEC640 /* CCActionEase.m */; };
		D085A9EF13DBA6F500DEC640 /* CCActionGrid.m in Sources */ = {isa = PBXBuildFile; fileRef = D085A9EE13DBA6F500DEC640 /* CCActionGrid.m */; };
		D085A9F213DBA6F500DEC640 /* CCActionGrid3D.m in Sources */ = {isa = PBXBuildFile; fileRef = D085A9F113DBA6F500DEC640 /* CCActionGrid3D.m */; };
		D085A9F513DBA6F600DEC640 /* CCActionInstant.m in Sources */ = {isa = PBXBuildFile; fileRef = D085A9F413DBA6F600DEC640 /* CCActionInstant.m */; };
		D085A9F813DBA6F600DEC640 /* CCActionInterval.m in Sources */ = {isa = PBXBuildFile; fileRef = D085A9F713DBA6F600DEC640 /* CCActionInterval.m */; };
		D085A9FB13DBA6F600DEC640 /* CCActionManager.m in Sources */ = {isa = PBXBuildFile; fileRef = D085A9FA13DBA6F600DEC640 /* CCActionManager.m */; };
		D085A9FE13DBA6F600DEC640 /* CCActionPageTurn3D.m in Sources */ = {isa = PBXBuildFile; fileRef = D085A9FD13DBA6F600DEC640 /* CCActionPageTurn3D.m */; };
		D085AA0113DBA6F600DEC640 /* CCActionProgressTimer.m in Sources */ = {isa = PBXBuildFile; fileRef = D085AA0013DBA6F600DEC640 /* CCActionProgressTimer.m */; };
		D085AA0413DBA6F600DEC640 /* CCActionTiledGrid.m in Sources */ = {isa = PBXBuildFile; fileRef = D085AA0313DBA6F600DEC640 /* CCActionTiledGrid.m */; };
		D085AA0713DBA6F600DEC640 /* CCActionTween.m in Sources */ = {isa = PBXBuildFile; fileRef = D085AA0613DBA6F600DEC640 /* CCActionTween.m */; };
		D085AA0A13DBA6F600DEC640 /* CCAnimation.m in Sources */ = {isa = PBXBuildFile; fileRef = D085AA0913DBA6F600DEC640 /* CCAnimation.m */; };
		D085AA0D13DBA6F600DEC640 /* CCAnimationCache.m in Sources */ = {isa = PBXBuildFile; fileRef = D085AA0C13DBA6F600DEC640 /* CCAnimationCache.m */; };
		D085AA1013DBA6F600DEC640 /* CCAtlasNode.m in Sources */ = {isa = PBXBuildFile; fileRef = D085AA0F13DBA6F600DEC640 /* CCAtlasNode.m */; };
		D085AA1313DBA6F600DEC640 /* CCBlockSupport.m in Sources */ = {isa = PBXBuildFile; fileRef = D085AA1213DBA6F600DEC640 /* CCBlockSupport.m */; };
		D085AA1613DBA6F600DEC640 /* CCCamera.m in Sources */ = {isa = PBXBuildFile; fileRef = D085AA1513DBA6F600DEC640 /* CCCamera.m */; };
		D085AA1A13DBA6F600DEC640 /* CCConfiguration.m in Sources */ = {isa = PBXBuildFile; fileRef = D085AA1913DBA6F600DEC640 /* CCConfiguration.m */; };
		D085AA1D13DBA6F600DEC640 /* CCDirector.m in Sources */ = {isa = PBXBuildFile; fileRef = D085AA1C13DBA6F600DEC640 /* CCDirector.m */; };
		D085AA2013DBA6F600DEC640 /* CCDrawingPrimitives.m in Sources */ = {isa = PBXBuildFile; fileRef = D085AA1F13DBA6F600DEC640 /* CCDrawingPrimitives.m */; };
		D085AA2313DBA6F600DEC640 /* CCGrabber.m in Sources */ = {isa = PBXBuildFile; fileRef = D085AA2213DBA6F600DEC640 /* CCGrabber.m */; };
		D085AA2613DBA6F600DEC640 /* CCGrid.m in Sources */ = {isa = PBXBuildFile; fileRef = D085AA2513DBA6F600DEC640 /* CCGrid.m */; };
		D085AA2913DBA6F600DEC640 /* CCLabelAtlas.m in Sources */ = {isa = PBXBuildFile; fileRef = D085AA2813DBA6F600DEC640 /* CCLabelAtlas.m */; };
		D085AA2C13DBA6F600DEC640 /* CCLabelBMFont.m in Sources */ = {isa = PBXBuildFile; fileRef = D085AA2B13DBA6F600DEC640 /* CCLabelBMFont.m */; };
		D085AA2F13DBA6F600DEC640 /* CCLabelTTF.m in Sources */ = {isa = PBXBuildFile; fileRef = D085AA2E13DBA6F600DEC640 /* CCLabelTTF.m */; };
		D085AA3213DBA6F600DEC640 /* CCLayer.m in Sources */ = {isa = PBXBuildFile; fileRef = D085AA3113DBA6F600DEC640 /* CCLayer.m */; };
		D085AA3613DBA6F600DEC640 /* CCMenu.m in Sources */ = {isa = PBXBuildFile; fileRef = D085AA3513DBA6F600DEC640 /* CCMenu.m */; };
		D085AA3913DBA6F600DEC640 /* CCMenuItem.m in Sources */ = {isa = PBXBuildFile; fileRef = D085AA3813DBA6F600DEC640 /* CCMenuItem.m */; };
		D085AA3C13DBA6F600DEC640 /* CCMotionStreak.m in Sources */ = {isa = PBXBuildFile; fileRef = D085AA3B13DBA6F600DEC640 /* CCMotionStreak.m */; };
		D085AA3F13DBA6F600DEC640 /* CCNode.m in Sources */ = {isa = PBXBuildFile; fileRef = D085AA3E13DBA6F600DEC640 /* CCNode.m */; };
		D085AA4213DBA6F600DEC640 /* CCParallaxNode.m in Sources */ = {isa = PBXBuildFile; fileRef = D085AA4113DBA6F600DEC640 /* CCParallaxNode.m */; };
		D085AA4513DBA6F600DEC640 /* CCParticleExamples.m in Sources */ = {isa = PBXBuildFile; fileRef = D085AA4413DBA6F600DEC640 /* CCParticleExamples.m */; };
		D085AA4813DBA6F600DEC640 /* CCParticleSystem.m in Sources */ = {isa = PBXBuildFile; fileRef = D085AA4713DBA6F600DEC640 /* CCParticleSystem.m */; };
		D085AA4B13DBA6F600DEC640 /* CCParticleSystemPoint.m in Sources */ = {isa = PBXBuildFile; fileRef = D085AA4A13DBA6F600DEC640 /* CCParticleSystemPoint.m */; };
		D085AA4E13DBA6F600DEC640 /* CCParticleSystemQuad.m in Sources */ = {isa = PBXBuildFile; fileRef = D085AA4D13DBA6F600DEC640 /* CCParticleSystemQuad.m */; };
		D085AA5113DBA6F600DEC640 /* CCProgressTimer.m in Sources */ = {isa = PBXBuildFile; fileRef = D085AA5013DBA6F600DEC640 /* CCProgressTimer.m */; };
		D085AA5513DBA6F600DEC640 /* CCRenderTexture.m in Sources */ = {isa = PBXBuildFile; fileRef = D085AA5413DBA6F600DEC640 /* CCRenderTexture.m */; };
		D085AA5813DBA6F600DEC640 /* CCRibbon.m in Sources */ = {isa = PBXBuildFile; fileRef = D085AA5713DBA6F600DEC640 /* CCRibbon.m */; };
		D085AA5B13DBA6F600DEC640 /* CCScene.m in Sources */ = {isa = PBXBuildFile; fileRef = D085AA5A13DBA6F600DEC640 /* CCScene.m */; };
		D085AA5E13DBA6F600DEC640 /* CCScheduler.m in Sources */ = {isa = PBXBuildFile; fileRef = D085AA5D13DBA6F600DEC640 /* CCScheduler.m */; };
		D085AA6113DBA6F600DEC640 /* CCSprite.m in Sources */ = {isa = PBXBuildFile; fileRef = D085AA6013DBA6F600DEC640 /* CCSprite.m */; };
		D085AA6413DBA6F600DEC640 /* CCSpriteBatchNode.m in Sources */ = {isa = PBXBuildFile; fileRef = D085AA6313DBA6F600DEC640 /* CCSpriteBatchNode.m */; };
		D085AA6713DBA6F600DEC640 /* CCSpriteFrame.m in Sources */ = {isa = PBXBuildFile; fileRef = D085AA6613DBA6F600DEC640 /* CCSpriteFrame.m */; };
		D085AA6A13DBA6F600DEC640 /* CCSpriteFrameCache.m in Sources */ = {isa = PBXBuildFile; fileRef = D085AA6913DBA6F600DEC640 /* CCSpriteFrameCache.m */; };
		D085AA6D13DBA6F600DEC640 /* CCTexture2D.m in Sources */ = {isa = PBXBuildFile; fileRef = D085AA6C13DBA6F600DEC640 /* CCTexture2D.m */; };
		D085AA7013DBA6F600DEC640 /* CCTextureAtlas.m in Sources */ = {isa = PBXBuildFile; fileRef = D085AA6F13DBA6F600DEC640 /* CCTextureAtlas.m */; };
		D085AA7313DBA6F600DEC640 /* CCTextureCache.m in Sources */ = {isa = PBXBuildFile; fileRef = D085AA7213DBA6F600DEC640 /* CCTextureCache.m */; };
		D085AA7613DBA6F600DEC640 /* CCTexturePVR.m in Sources */ = {isa = PBXBuildFile; fileRef = D085AA7513DBA6F600DEC640 /* CCTexturePVR.m */; };
		D085AA7913DBA6F600DEC640 /* CCTileMapAtlas.m in Sources */ = {isa = PBXBuildFile; fileRef = D085AA7813DBA6F600DEC640 /* CCTileMapAtlas.m */; };
		D085AA7C13DBA6F600DEC640 /* CCTMXLayer.m in Sources */ = {isa = PBXBuildFile; fileRef = D085AA7B13DBA6F600DEC640 /* CCTMXLayer.m */; };
		D085AA7F13DBA6F600DEC640 /* CCTMXObjectGroup.m in Sources */ = {isa = PBXBuildFile; fileRef = D085AA7E13DBA6F600DEC640 /* CCTMXObjectGroup.m */; };
		D085AA8213DBA6F600DEC640 /* CCTMXTiledMap.m in Sources */ = {isa = PBXBuildFile; fileRef = D085AA8113DBA6F600DEC640 /* CCTMXTiledMap.m */; };
		D085AA8513DBA6F600DEC640 /* CCTMXXMLParser.m in Sources */ = {isa = PBXBuildFile; fileRef = D085AA8413DBA6F600DEC640 /* CCTMXXMLParser.m */; };
		D085AA8813DBA6F600DEC640 /* CCTransition.m in Sources */ = {isa = PBXBuildFile; fileRef = D085AA8713DBA6F600DEC640 /* CCTransition.m */; };
		D085AA8B13DBA6F600DEC640 /* CCTransitionPageTurn.m in Sources */ = {isa = PBXBuildFile; fileRef = D085AA8A13DBA6F600DEC640 /* CCTransitionPageTurn.m */; };
		D085AA8E13DBA6F600DEC640 /* CCTransitionRadial.m in Sources */ = {isa = PBXBuildFile; fileRef = D085AA8D13DBA6F600DEC640 /* CCTransitionRadial.m */; };
		D085AA9213DBA6F600DEC640 /* cocos2d.m in Sources */ = {isa = PBXBuildFile; fileRef = D085AA9113DBA6F600DEC640 /* cocos2d.m */; };
		D085AA9713DBA6F600DEC640 /* CCDirectorIOS.m in Sources */ = {isa = PBXBuildFile; fileRef = D085AA9613DBA6F600DEC640 /* CCDirectorIOS.m */; };
		D085AA9B13DBA6F600DEC640 /* CCTouchDispatcher.m in Sources */ = {isa = PBXBuildFile; fileRef = D085AA9A13DBA6F600DEC640 /* CCTouchDispatcher.m */; };
		D085AA9E13DBA6F600DEC640 /* CCTouchHandler.m in Sources */ = {isa = PBXBuildFile; fileRef = D085AA9D13DBA6F600DEC640 /* CCTouchHandler.m */; };
		D085AAA113DBA6F600DEC640 /* EAGLView.m in Sources */ = {isa = PBXBuildFile; fileRef = D085AAA013DBA6F600DEC640 /* EAGLView.m */; };
		D085AAA413DBA6F600DEC640 /* ES1Renderer.m in Sources */ = {isa = PBXBuildFile; fileRef = D085AAA313DBA6F600DEC640 /* ES1Renderer.m */; };
		D085AAA713DBA6F700DEC640 /* glu.c in Sources */ = {isa = PBXBuildFile; fileRef = D085AAA613DBA6F700DEC640 /* glu.c */; };
		D085AAAB13DBA6F700DEC640 /* CCDirectorMac.m in Sources */ = {isa = PBXBuildFile; fileRef = D085AAAA13DBA6F700DEC640 /* CCDirectorMac.m */; };
		D085AAAE13DBA6F700DEC640 /* CCEventDispatcher.m in Sources */ = {isa = PBXBuildFile; fileRef = D085AAAD13DBA6F700DEC640 /* CCEventDispatcher.m */; };
		D085AAB113DBA6F700DEC640 /* MacGLView.m in Sources */ = {isa = PBXBuildFile; fileRef = D085AAB013DBA6F700DEC640 /* MacGLView.m */; };
		D085AAB413DBA6F700DEC640 /* MacWindow.m in Sources */ = {isa = PBXBuildFile; fileRef = D085AAB313DBA6F700DEC640 /* MacWindow.m */; };
		D085AAB613DBA6F700DEC640 /* base64.c in Sources */ = {isa = PBXBuildFile; fileRef = D085AAB513DBA6F700DEC640 /* base64.c */; };
		D085AABA13DBA6F700DEC640 /* CCArray.m in Sources */ = {isa = PBXBuildFile; fileRef = D085AAB913DBA6F700DEC640 /* CCArray.m */; };
		D085AABE13DBA6F700DEC640 /* CCFileUtils.m in Sources */ = {isa = PBXBuildFile; fileRef = D085AABD13DBA6F700DEC640 /* CCFileUtils.m */; };
		D085AAC113DBA6F700DEC640 /* CCProfiling.m in Sources */ = {isa = PBXBuildFile; fileRef = D085AAC013DBA6F700DEC640 /* CCProfiling.m */; };
		D085AAC313DBA6F700DEC640 /* ccUtils.c in Sources */ = {isa = PBXBuildFile; fileRef = D085AAC213DBA6F700DEC640 /* ccUtils.c */; };
		D085AAC713DBA6F700DEC640 /* CGPointExtension.m in Sources */ = {isa = PBXBuildFile; fileRef = D085AAC613DBA6F700DEC640 /* CGPointExtension.m */; };
		D085AACB13DBA6F700DEC640 /* TGAlib.m in Sources */ = {isa = PBXBuildFile; fileRef = D085AACA13DBA6F700DEC640 /* TGAlib.m */; };
		D085AACE13DBA6F700DEC640 /* TransformUtils.m in Sources */ = {isa = PBXBuildFile; fileRef = D085AACD13DBA6F700DEC640 /* TransformUtils.m */; };
		D085AAD313DBA6F700DEC640 /* ZipUtils.m in Sources */ = {isa = PBXBuildFile; fileRef = D085AAD213DBA6F700DEC640 /* ZipUtils.m */; };
		D085AAD713DBA6F700DEC640 /* CDAudioManager.m in Sources */ = {isa = PBXBuildFile; fileRef = D085AAD613DBA6F700DEC640 /* CDAudioManager.m */; };
		D085AADB13DBA6F700DEC640 /* CDOpenALSupport.m in Sources */ = {isa = PBXBuildFile; fileRef = D085AADA13DBA6F700DEC640 /* CDOpenALSupport.m */; };
		D085AADE13DBA6F700DEC640 /* CocosDenshion.m in Sources */ = {isa = PBXBuildFile; fileRef = D085AADD13DBA6F700DEC640 /* CocosDenshion.m */; };
		D085AAE113DBA6F700DEC640 /* SimpleAudioEngine.m in Sources */ = {isa = PBXBuildFile; fileRef = D085AAE013DBA6F700DEC640 /* SimpleAudioEngine.m */; };
		D085AAE513DBA6F700DEC640 /* CLScoreServerPost.m in Sources */ = {isa = PBXBuildFile; fileRef = D085AAE413DBA6F700DEC640 /* CLScoreServerPost.m */; };
		D085AAE813DBA6F700DEC640 /* CLScoreServerRequest.m in Sources */ = {isa = PBXBuildFile; fileRef = D085AAE713DBA6F700DEC640 /* CLScoreServerRequest.m */; };
		D085AAEB13DBA6F700DEC640 /* cocoslive.m in Sources */ = {isa = PBXBuildFile; fileRef = D085AAEA13DBA6F700DEC640 /* cocoslive.m */; };
		D085AAEF13DBA6F700DEC640 /* FontLabel.m in Sources */ = {isa = PBXBuildFile; fileRef = D085AAEE13DBA6F700DEC640 /* FontLabel.m */; };
		D085AAF213DBA6F700DEC640 /* FontLabelStringDrawing.m in Sources */ = {isa = PBXBuildFile; fileRef = D085AAF113DBA6F700DEC640 /* FontLabelStringDrawing.m */; };
		D085AAF513DBA6F700DEC640 /* FontManager.m in Sources */ = {isa = PBXBuildFile; fileRef = D085AAF413DBA6F700DEC640 /* FontManager.m */; };
		D085AAF813DBA6F700DEC640 /* ZAttributedString.m in Sources */ = {isa = PBXBuildFile; fileRef = D085AAF713DBA6F700DEC640 /* ZAttributedString.m */; };
		D085AAFC13DBA6F700DEC640 /* ZFont.m in Sources */ = {isa = PBXBuildFile; fileRef = D085AAFB13DBA6F700DEC640 /* ZFont.m */; };
		D085AB0013DBA6F700DEC640 /* CDataScanner.m in Sources */ = {isa = PBXBuildFile; fileRef = D085AAFF13DBA6F700DEC640 /* CDataScanner.m */; };
		D085AB0313DBA6F700DEC640 /* CDataScanner_Extensions.m in Sources */ = {isa = PBXBuildFile; fileRef = D085AB0213DBA6F700DEC640 /* CDataScanner_Extensions.m */; };
		D085AB0613DBA6F700DEC640 /* NSCharacterSet_Extensions.m in Sources */ = {isa = PBXBuildFile; fileRef = D085AB0513DBA6F700DEC640 /* NSCharacterSet_Extensions.m */; };
		D085AB0913DBA6F700DEC640 /* NSDictionary_JSONExtensions.m in Sources */ = {isa = PBXBuildFile; fileRef = D085AB0813DBA6F700DEC640 /* NSDictionary_JSONExtensions.m */; };
		D085AB0C13DBA6F700DEC640 /* NSScanner_Extensions.m in Sources */ = {isa = PBXBuildFile; fileRef = D085AB0B13DBA6F700DEC640 /* NSScanner_Extensions.m */; };
		D085AB0F13DBA6F700DEC640 /* CJSONDeserializer.m in Sources */ = {isa = PBXBuildFile; fileRef = D085AB0E13DBA6F700DEC640 /* CJSONDeserializer.m */; };
		D085AB1213DBA6F700DEC640 /* CJSONScanner.m in Sources */ = {isa = PBXBuildFile; fileRef = D085AB1113DBA6F700DEC640 /* CJSONScanner.m */; };
		D085AB1513DBA6F700DEC640 /* CJSONSerializer.m in Sources */ = {isa = PBXBuildFile; fileRef = D085AB1413DBA6F700DEC640 /* CJSONSerializer.m */; };
		D085AB1913DBA6F700DEC640 /* main.m in Sources */ = {isa = PBXBuildFile; fileRef = D085AB1813DBA6F700DEC640 /* main.m */; };
		D085AB1C13DBA6F700DEC640 /* AppDelegate.m in Sources */ = {isa = PBXBuildFile; fileRef = D085AB1B13DBA6F700DEC640 /* AppDelegate.m */; };
		D085AB1F13DBA6F700DEC640 /* RootViewController.m in Sources */ = {isa = PBXBuildFile; fileRef = D085AB1E13DBA6F700DEC640 /* RootViewController.m */; };
		D085AB2213DBA6F700DEC640 /* HelloWorldLayer.m in Sources */ = {isa = PBXBuildFile; fileRef = D085AB2113DBA6F700DEC640 /* HelloWorldLayer.m */; };
/* End PBXBuildFile section */

/* Begin PBXFileReference section */
		D085A9BA13DBA6F500DEC640 /* DeadRooms.app */ = {isa = PBXFileReference; explicitFileType = wrapper.application; includeInIndex = 0; path = DeadRooms.app; sourceTree = BUILT_PRODUCTS_DIR; };
		D085A9BE13DBA6F500DEC640 /* QuartzCore.framework */ = {isa = PBXFileReference; lastKnownFileType = wrapper.framework; name = QuartzCore.framework; path = System/Library/Frameworks/QuartzCore.framework; sourceTree = SDKROOT; };
		D085A9C013DBA6F500DEC640 /* OpenGLES.framework */ = {isa = PBXFileReference; lastKnownFileType = wrapper.framework; name = OpenGLES.framework; path = System/Library/Frameworks/OpenGLES.framework; sourceTree = SDKROOT; };
		D085A9C213DBA6F500DEC640 /* OpenAL.framework */ = {isa = PBXFileReference; lastKnownFileType = wrapper.framework; name = OpenAL.framework; path = System/Library/Frameworks/OpenAL.framework; sourceTree = SDKROOT; };
		D085A9C413DBA6F500DEC640 /* AudioToolbox.framework */ = {isa = PBXFileReference; lastKnownFileType = wrapper.framework; name = AudioToolbox.framework; path = System/Library/Frameworks/AudioToolbox.framework; sourceTree = SDKROOT; };
		D085A9C613DBA6F500DEC640 /* AVFoundation.framework */ = {isa = PBXFileReference; lastKnownFileType = wrapper.framework; name = AVFoundation.framework; path = System/Library/Frameworks/AVFoundation.framework; sourceTree = SDKROOT; };
		D085A9C813DBA6F500DEC640 /* UIKit.framework */ = {isa = PBXFileReference; lastKnownFileType = wrapper.framework; name = UIKit.framework; path = System/Library/Frameworks/UIKit.framework; sourceTree = SDKROOT; };
		D085A9CA13DBA6F500DEC640 /* Foundation.framework */ = {isa = PBXFileReference; lastKnownFileType = wrapper.framework; name = Foundation.framework; path = System/Library/Frameworks/Foundation.framework; sourceTree = SDKROOT; };
		D085A9CC13DBA6F500DEC640 /* CoreGraphics.framework */ = {isa = PBXFileReference; lastKnownFileType = wrapper.framework; name = CoreGraphics.framework; path = System/Library/Frameworks/CoreGraphics.framework; sourceTree = SDKROOT; };
		D085A9D013DBA6F500DEC640 /* Default.png */ = {isa = PBXFileReference; lastKnownFileType = image.png; name = Default.png; path = Resources/Default.png; sourceTree = "<group>"; };
		D085A9D213DBA6F500DEC640 /* fps_images.png */ = {isa = PBXFileReference; lastKnownFileType = image.png; name = fps_images.png; path = Resources/fps_images.png; sourceTree = "<group>"; };
		D085A9D413DBA6F500DEC640 /* Icon-72.png */ = {isa = PBXFileReference; lastKnownFileType = image.png; name = "Icon-72.png"; path = "Resources/Icon-72.png"; sourceTree = "<group>"; };
		D085A9D613DBA6F500DEC640 /* Icon-Small-50.png */ = {isa = PBXFileReference; lastKnownFileType = image.png; name = "Icon-Small-50.png"; path = "Resources/Icon-Small-50.png"; sourceTree = "<group>"; };
		D085A9D813DBA6F500DEC640 /* Icon-Small.png */ = {isa = PBXFileReference; lastKnownFileType = image.png; name = "Icon-Small.png"; path = "Resources/Icon-Small.png"; sourceTree = "<group>"; };
		D085A9DA13DBA6F500DEC640 /* Icon-Small@2x.png */ = {isa = PBXFileReference; lastKnownFileType = image.png; name = "Icon-Small@2x.png"; path = "Resources/Icon-Small@2x.png"; sourceTree = "<group>"; };
		D085A9DC13DBA6F500DEC640 /* Icon.png */ = {isa = PBXFileReference; lastKnownFileType = image.png; name = Icon.png; path = Resources/Icon.png; sourceTree = "<group>"; };
		D085A9DE13DBA6F500DEC640 /* Icon@2x.png */ = {isa = PBXFileReference; lastKnownFileType = image.png; name = "Icon@2x.png"; path = "Resources/Icon@2x.png"; sourceTree = "<group>"; };
		D085A9E013DBA6F500DEC640 /* Info.plist */ = {isa = PBXFileReference; name = Info.plist; path = Resources/Info.plist; sourceTree = "<group>"; };
		D085A9E113DBA6F500DEC640 /* iTunesArtwork */ = {isa = PBXFileReference; lastKnownFileType = file; name = iTunesArtwork; path = Resources/iTunesArtwork; sourceTree = "<group>"; };
		D085A9E413DBA6F500DEC640 /* CCAction.h */ = {isa = PBXFileReference; name = CCAction.h; path = libs/cocos2d/CCAction.h; sourceTree = "<group>"; };
		D085A9E513DBA6F500DEC640 /* CCAction.m */ = {isa = PBXFileReference; lastKnownFileType = sourcecode.c.objc; name = CCAction.m; path = libs/cocos2d/CCAction.m; sourceTree = "<group>"; };
		D085A9E713DBA6F500DEC640 /* CCActionCamera.h */ = {isa = PBXFileReference; name = CCActionCamera.h; path = libs/cocos2d/CCActionCamera.h; sourceTree = "<group>"; };
		D085A9E813DBA6F500DEC640 /* CCActionCamera.m */ = {isa = PBXFileReference; lastKnownFileType = sourcecode.c.objc; name = CCActionCamera.m; path = libs/cocos2d/CCActionCamera.m; sourceTree = "<group>"; };
		D085A9EA13DBA6F500DEC640 /* CCActionEase.h */ = {isa = PBXFileReference; name = CCActionEase.h; path = libs/cocos2d/CCActionEase.h; sourceTree = "<group>"; };
		D085A9EB13DBA6F500DEC640 /* CCActionEase.m */ = {isa = PBXFileReference; lastKnownFileType = sourcecode.c.objc; name = CCActionEase.m; path = libs/cocos2d/CCActionEase.m; sourceTree = "<group>"; };
		D085A9ED13DBA6F500DEC640 /* CCActionGrid.h */ = {isa = PBXFileReference; name = CCActionGrid.h; path = libs/cocos2d/CCActionGrid.h; sourceTree = "<group>"; };
		D085A9EE13DBA6F500DEC640 /* CCActionGrid.m */ = {isa = PBXFileReference; lastKnownFileType = sourcecode.c.objc; name = CCActionGrid.m; path = libs/cocos2d/CCActionGrid.m; sourceTree = "<group>"; };
		D085A9F013DBA6F500DEC640 /* CCActionGrid3D.h */ = {isa = PBXFileReference; name = CCActionGrid3D.h; path = libs/cocos2d/CCActionGrid3D.h; sourceTree = "<group>"; };
		D085A9F113DBA6F500DEC640 /* CCActionGrid3D.m */ = {isa = PBXFileReference; lastKnownFileType = sourcecode.c.objc; name = CCActionGrid3D.m; path = libs/cocos2d/CCActionGrid3D.m; sourceTree = "<group>"; };
		D085A9F313DBA6F600DEC640 /* CCActionInstant.h */ = {isa = PBXFileReference; name = CCActionInstant.h; path = libs/cocos2d/CCActionInstant.h; sourceTree = "<group>"; };
		D085A9F413DBA6F600DEC640 /* CCActionInstant.m */ = {isa = PBXFileReference; lastKnownFileType = sourcecode.c.objc; name = CCActionInstant.m; path = libs/cocos2d/CCActionInstant.m; sourceTree = "<group>"; };
		D085A9F613DBA6F600DEC640 /* CCActionInterval.h */ = {isa = PBXFileReference; name = CCActionInterval.h; path = libs/cocos2d/CCActionInterval.h; sourceTree = "<group>"; };
		D085A9F713DBA6F600DEC640 /* CCActionInterval.m */ = {isa = PBXFileReference; lastKnownFileType = sourcecode.c.objc; name = CCActionInterval.m; path = libs/cocos2d/CCActionInterval.m; sourceTree = "<group>"; };
		D085A9F913DBA6F600DEC640 /* CCActionManager.h */ = {isa = PBXFileReference; name = CCActionManager.h; path = libs/cocos2d/CCActionManager.h; sourceTree = "<group>"; };
		D085A9FA13DBA6F600DEC640 /* CCActionManager.m */ = {isa = PBXFileReference; lastKnownFileType = sourcecode.c.objc; name = CCActionManager.m; path = libs/cocos2d/CCActionManager.m; sourceTree = "<group>"; };
		D085A9FC13DBA6F600DEC640 /* CCActionPageTurn3D.h */ = {isa = PBXFileReference; name = CCActionPageTurn3D.h; path = libs/cocos2d/CCActionPageTurn3D.h; sourceTree = "<group>"; };
		D085A9FD13DBA6F600DEC640 /* CCActionPageTurn3D.m */ = {isa = PBXFileReference; lastKnownFileType = sourcecode.c.objc; name = CCActionPageTurn3D.m; path = libs/cocos2d/CCActionPageTurn3D.m; sourceTree = "<group>"; };
		D085A9FF13DBA6F600DEC640 /* CCActionProgressTimer.h */ = {isa = PBXFileReference; name = CCActionProgressTimer.h; path = libs/cocos2d/CCActionProgressTimer.h; sourceTree = "<group>"; };
		D085AA0013DBA6F600DEC640 /* CCActionProgressTimer.m */ = {isa = PBXFileReference; lastKnownFileType = sourcecode.c.objc; name = CCActionProgressTimer.m; path = libs/cocos2d/CCActionProgressTimer.m; sourceTree = "<group>"; };
		D085AA0213DBA6F600DEC640 /* CCActionTiledGrid.h */ = {isa = PBXFileReference; name = CCActionTiledGrid.h; path = libs/cocos2d/CCActionTiledGrid.h; sourceTree = "<group>"; };
		D085AA0313DBA6F600DEC640 /* CCActionTiledGrid.m */ = {isa = PBXFileReference; lastKnownFileType = sourcecode.c.objc; name = CCActionTiledGrid.m; path = libs/cocos2d/CCActionTiledGrid.m; sourceTree = "<group>"; };
		D085AA0513DBA6F600DEC640 /* CCActionTween.h */ = {isa = PBXFileReference; name = CCActionTween.h; path = libs/cocos2d/CCActionTween.h; sourceTree = "<group>"; };
		D085AA0613DBA6F600DEC640 /* CCActionTween.m */ = {isa = PBXFileReference; lastKnownFileType = sourcecode.c.objc; name = CCActionTween.m; path = libs/cocos2d/CCActionTween.m; sourceTree = "<group>"; };
		D085AA0813DBA6F600DEC640 /* CCAnimation.h */ = {isa = PBXFileReference; name = CCAnimation.h; path = libs/cocos2d/CCAnimation.h; sourceTree = "<group>"; };
		D085AA0913DBA6F600DEC640 /* CCAnimation.m */ = {isa = PBXFileReference; lastKnownFileType = sourcecode.c.objc; name = CCAnimation.m; path = libs/cocos2d/CCAnimation.m; sourceTree = "<group>"; };
		D085AA0B13DBA6F600DEC640 /* CCAnimationCache.h */ = {isa = PBXFileReference; name = CCAnimationCache.h; path = libs/cocos2d/CCAnimationCache.h; sourceTree = "<group>"; };
		D085AA0C13DBA6F600DEC640 /* CCAnimationCache.m */ = {isa = PBXFileReference; lastKnownFileType = sourcecode.c.objc; name = CCAnimationCache.m; path = libs/cocos2d/CCAnimationCache.m; sourceTree = "<group>"; };
		D085AA0E13DBA6F600DEC640 /* CCAtlasNode.h */ = {isa = PBXFileReference; name = CCAtlasNode.h; path = libs/cocos2d/CCAtlasNode.h; sourceTree = "<group>"; };
		D085AA0F13DBA6F600DEC640 /* CCAtlasNode.m */ = {isa = PBXFileReference; lastKnownFileType = sourcecode.c.objc; name = CCAtlasNode.m; path = libs/cocos2d/CCAtlasNode.m; sourceTree = "<group>"; };
		D085AA1113DBA6F600DEC640 /* CCBlockSupport.h */ = {isa = PBXFileReference; name = CCBlockSupport.h; path = libs/cocos2d/CCBlockSupport.h; sourceTree = "<group>"; };
		D085AA1213DBA6F600DEC640 /* CCBlockSupport.m */ = {isa = PBXFileReference; lastKnownFileType = sourcecode.c.objc; name = CCBlockSupport.m; path = libs/cocos2d/CCBlockSupport.m; sourceTree = "<group>"; };
		D085AA1413DBA6F600DEC640 /* CCCamera.h */ = {isa = PBXFileReference; name = CCCamera.h; path = libs/cocos2d/CCCamera.h; sourceTree = "<group>"; };
		D085AA1513DBA6F600DEC640 /* CCCamera.m */ = {isa = PBXFileReference; lastKnownFileType = sourcecode.c.objc; name = CCCamera.m; path = libs/cocos2d/CCCamera.m; sourceTree = "<group>"; };
		D085AA1713DBA6F600DEC640 /* ccConfig.h */ = {isa = PBXFileReference; name = ccConfig.h; path = libs/cocos2d/ccConfig.h; sourceTree = "<group>"; };
		D085AA1813DBA6F600DEC640 /* CCConfiguration.h */ = {isa = PBXFileReference; name = CCConfiguration.h; path = libs/cocos2d/CCConfiguration.h; sourceTree = "<group>"; };
		D085AA1913DBA6F600DEC640 /* CCConfiguration.m */ = {isa = PBXFileReference; lastKnownFileType = sourcecode.c.objc; name = CCConfiguration.m; path = libs/cocos2d/CCConfiguration.m; sourceTree = "<group>"; };
		D085AA1B13DBA6F600DEC640 /* CCDirector.h */ = {isa = PBXFileReference; name = CCDirector.h; path = libs/cocos2d/CCDirector.h; sourceTree = "<group>"; };
		D085AA1C13DBA6F600DEC640 /* CCDirector.m */ = {isa = PBXFileReference; lastKnownFileType = sourcecode.c.objc; name = CCDirector.m; path = libs/cocos2d/CCDirector.m; sourceTree = "<group>"; };
		D085AA1E13DBA6F600DEC640 /* CCDrawingPrimitives.h */ = {isa = PBXFileReference; name = CCDrawingPrimitives.h; path = libs/cocos2d/CCDrawingPrimitives.h; sourceTree = "<group>"; };
		D085AA1F13DBA6F600DEC640 /* CCDrawingPrimitives.m */ = {isa = PBXFileReference; lastKnownFileType = sourcecode.c.objc; name = CCDrawingPrimitives.m; path = libs/cocos2d/CCDrawingPrimitives.m; sourceTree = "<group>"; };
		D085AA2113DBA6F600DEC640 /* CCGrabber.h */ = {isa = PBXFileReference; name = CCGrabber.h; path = libs/cocos2d/CCGrabber.h; sourceTree = "<group>"; };
		D085AA2213DBA6F600DEC640 /* CCGrabber.m */ = {isa = PBXFileReference; lastKnownFileType = sourcecode.c.objc; name = CCGrabber.m; path = libs/cocos2d/CCGrabber.m; sourceTree = "<group>"; };
		D085AA2413DBA6F600DEC640 /* CCGrid.h */ = {isa = PBXFileReference; name = CCGrid.h; path = libs/cocos2d/CCGrid.h; sourceTree = "<group>"; };
		D085AA2513DBA6F600DEC640 /* CCGrid.m */ = {isa = PBXFileReference; lastKnownFileType = sourcecode.c.objc; name = CCGrid.m; path = libs/cocos2d/CCGrid.m; sourceTree = "<group>"; };
		D085AA2713DBA6F600DEC640 /* CCLabelAtlas.h */ = {isa = PBXFileReference; name = CCLabelAtlas.h; path = libs/cocos2d/CCLabelAtlas.h; sourceTree = "<group>"; };
		D085AA2813DBA6F600DEC640 /* CCLabelAtlas.m */ = {isa = PBXFileReference; lastKnownFileType = sourcecode.c.objc; name = CCLabelAtlas.m; path = libs/cocos2d/CCLabelAtlas.m; sourceTree = "<group>"; };
		D085AA2A13DBA6F600DEC640 /* CCLabelBMFont.h */ = {isa = PBXFileReference; name = CCLabelBMFont.h; path = libs/cocos2d/CCLabelBMFont.h; sourceTree = "<group>"; };
		D085AA2B13DBA6F600DEC640 /* CCLabelBMFont.m */ = {isa = PBXFileReference; lastKnownFileType = sourcecode.c.objc; name = CCLabelBMFont.m; path = libs/cocos2d/CCLabelBMFont.m; sourceTree = "<group>"; };
		D085AA2D13DBA6F600DEC640 /* CCLabelTTF.h */ = {isa = PBXFileReference; name = CCLabelTTF.h; path = libs/cocos2d/CCLabelTTF.h; sourceTree = "<group>"; };
		D085AA2E13DBA6F600DEC640 /* CCLabelTTF.m */ = {isa = PBXFileReference; lastKnownFileType = sourcecode.c.objc; name = CCLabelTTF.m; path = libs/cocos2d/CCLabelTTF.m; sourceTree = "<group>"; };
		D085AA3013DBA6F600DEC640 /* CCLayer.h */ = {isa = PBXFileReference; name = CCLayer.h; path = libs/cocos2d/CCLayer.h; sourceTree = "<group>"; };
		D085AA3113DBA6F600DEC640 /* CCLayer.m */ = {isa = PBXFileReference; lastKnownFileType = sourcecode.c.objc; name = CCLayer.m; path = libs/cocos2d/CCLayer.m; sourceTree = "<group>"; };
		D085AA3313DBA6F600DEC640 /* ccMacros.h */ = {isa = PBXFileReference; name = ccMacros.h; path = libs/cocos2d/ccMacros.h; sourceTree = "<group>"; };
		D085AA3413DBA6F600DEC640 /* CCMenu.h */ = {isa = PBXFileReference; name = CCMenu.h; path = libs/cocos2d/CCMenu.h; sourceTree = "<group>"; };
		D085AA3513DBA6F600DEC640 /* CCMenu.m */ = {isa = PBXFileReference; lastKnownFileType = sourcecode.c.objc; name = CCMenu.m; path = libs/cocos2d/CCMenu.m; sourceTree = "<group>"; };
		D085AA3713DBA6F600DEC640 /* CCMenuItem.h */ = {isa = PBXFileReference; name = CCMenuItem.h; path = libs/cocos2d/CCMenuItem.h; sourceTree = "<group>"; };
		D085AA3813DBA6F600DEC640 /* CCMenuItem.m */ = {isa = PBXFileReference; lastKnownFileType = sourcecode.c.objc; name = CCMenuItem.m; path = libs/cocos2d/CCMenuItem.m; sourceTree = "<group>"; };
		D085AA3A13DBA6F600DEC640 /* CCMotionStreak.h */ = {isa = PBXFileReference; name = CCMotionStreak.h; path = libs/cocos2d/CCMotionStreak.h; sourceTree = "<group>"; };
		D085AA3B13DBA6F600DEC640 /* CCMotionStreak.m */ = {isa = PBXFileReference; lastKnownFileType = sourcecode.c.objc; name = CCMotionStreak.m; path = libs/cocos2d/CCMotionStreak.m; sourceTree = "<group>"; };
		D085AA3D13DBA6F600DEC640 /* CCNode.h */ = {isa = PBXFileReference; name = CCNode.h; path = libs/cocos2d/CCNode.h; sourceTree = "<group>"; };
		D085AA3E13DBA6F600DEC640 /* CCNode.m */ = {isa = PBXFileReference; lastKnownFileType = sourcecode.c.objc; name = CCNode.m; path = libs/cocos2d/CCNode.m; sourceTree = "<group>"; };
		D085AA4013DBA6F600DEC640 /* CCParallaxNode.h */ = {isa = PBXFileReference; name = CCParallaxNode.h; path = libs/cocos2d/CCParallaxNode.h; sourceTree = "<group>"; };
		D085AA4113DBA6F600DEC640 /* CCParallaxNode.m */ = {isa = PBXFileReference; lastKnownFileType = sourcecode.c.objc; name = CCParallaxNode.m; path = libs/cocos2d/CCParallaxNode.m; sourceTree = "<group>"; };
		D085AA4313DBA6F600DEC640 /* CCParticleExamples.h */ = {isa = PBXFileReference; name = CCParticleExamples.h; path = libs/cocos2d/CCParticleExamples.h; sourceTree = "<group>"; };
		D085AA4413DBA6F600DEC640 /* CCParticleExamples.m */ = {isa = PBXFileReference; lastKnownFileType = sourcecode.c.objc; name = CCParticleExamples.m; path = libs/cocos2d/CCParticleExamples.m; sourceTree = "<group>"; };
		D085AA4613DBA6F600DEC640 /* CCParticleSystem.h */ = {isa = PBXFileReference; name = CCParticleSystem.h; path = libs/cocos2d/CCParticleSystem.h; sourceTree = "<group>"; };
		D085AA4713DBA6F600DEC640 /* CCParticleSystem.m */ = {isa = PBXFileReference; lastKnownFileType = sourcecode.c.objc; name = CCParticleSystem.m; path = libs/cocos2d/CCParticleSystem.m; sourceTree = "<group>"; };
		D085AA4913DBA6F600DEC640 /* CCParticleSystemPoint.h */ = {isa = PBXFileReference; name = CCParticleSystemPoint.h; path = libs/cocos2d/CCParticleSystemPoint.h; sourceTree = "<group>"; };
		D085AA4A13DBA6F600DEC640 /* CCParticleSystemPoint.m */ = {isa = PBXFileReference; lastKnownFileType = sourcecode.c.objc; name = CCParticleSystemPoint.m; path = libs/cocos2d/CCParticleSystemPoint.m; sourceTree = "<group>"; };
		D085AA4C13DBA6F600DEC640 /* CCParticleSystemQuad.h */ = {isa = PBXFileReference; name = CCParticleSystemQuad.h; path = libs/cocos2d/CCParticleSystemQuad.h; sourceTree = "<group>"; };
		D085AA4D13DBA6F600DEC640 /* CCParticleSystemQuad.m */ = {isa = PBXFileReference; lastKnownFileType = sourcecode.c.objc; name = CCParticleSystemQuad.m; path = libs/cocos2d/CCParticleSystemQuad.m; sourceTree = "<group>"; };
		D085AA4F13DBA6F600DEC640 /* CCProgressTimer.h */ = {isa = PBXFileReference; name = CCProgressTimer.h; path = libs/cocos2d/CCProgressTimer.h; sourceTree = "<group>"; };
		D085AA5013DBA6F600DEC640 /* CCProgressTimer.m */ = {isa = PBXFileReference; lastKnownFileType = sourcecode.c.objc; name = CCProgressTimer.m; path = libs/cocos2d/CCProgressTimer.m; sourceTree = "<group>"; };
		D085AA5213DBA6F600DEC640 /* CCProtocols.h */ = {isa = PBXFileReference; name = CCProtocols.h; path = libs/cocos2d/CCProtocols.h; sourceTree = "<group>"; };
		D085AA5313DBA6F600DEC640 /* CCRenderTexture.h */ = {isa = PBXFileReference; name = CCRenderTexture.h; path = libs/cocos2d/CCRenderTexture.h; sourceTree = "<group>"; };
		D085AA5413DBA6F600DEC640 /* CCRenderTexture.m */ = {isa = PBXFileReference; lastKnownFileType = sourcecode.c.objc; name = CCRenderTexture.m; path = libs/cocos2d/CCRenderTexture.m; sourceTree = "<group>"; };
		D085AA5613DBA6F600DEC640 /* CCRibbon.h */ = {isa = PBXFileReference; name = CCRibbon.h; path = libs/cocos2d/CCRibbon.h; sourceTree = "<group>"; };
		D085AA5713DBA6F600DEC640 /* CCRibbon.m */ = {isa = PBXFileReference; lastKnownFileType = sourcecode.c.objc; name = CCRibbon.m; path = libs/cocos2d/CCRibbon.m; sourceTree = "<group>"; };
		D085AA5913DBA6F600DEC640 /* CCScene.h */ = {isa = PBXFileReference; name = CCScene.h; path = libs/cocos2d/CCScene.h; sourceTree = "<group>"; };
		D085AA5A13DBA6F600DEC640 /* CCScene.m */ = {isa = PBXFileReference; lastKnownFileType = sourcecode.c.objc; name = CCScene.m; path = libs/cocos2d/CCScene.m; sourceTree = "<group>"; };
		D085AA5C13DBA6F600DEC640 /* CCScheduler.h */ = {isa = PBXFileReference; name = CCScheduler.h; path = libs/cocos2d/CCScheduler.h; sourceTree = "<group>"; };
		D085AA5D13DBA6F600DEC640 /* CCScheduler.m */ = {isa = PBXFileReference; lastKnownFileType = sourcecode.c.objc; name = CCScheduler.m; path = libs/cocos2d/CCScheduler.m; sourceTree = "<group>"; };
		D085AA5F13DBA6F600DEC640 /* CCSprite.h */ = {isa = PBXFileReference; name = CCSprite.h; path = libs/cocos2d/CCSprite.h; sourceTree = "<group>"; };
		D085AA6013DBA6F600DEC640 /* CCSprite.m */ = {isa = PBXFileReference; lastKnownFileType = sourcecode.c.objc; name = CCSprite.m; path = libs/cocos2d/CCSprite.m; sourceTree = "<group>"; };
		D085AA6213DBA6F600DEC640 /* CCSpriteBatchNode.h */ = {isa = PBXFileReference; name = CCSpriteBatchNode.h; path = libs/cocos2d/CCSpriteBatchNode.h; sourceTree = "<group>"; };
		D085AA6313DBA6F600DEC640 /* CCSpriteBatchNode.m */ = {isa = PBXFileReference; lastKnownFileType = sourcecode.c.objc; name = CCSpriteBatchNode.m; path = libs/cocos2d/CCSpriteBatchNode.m; sourceTree = "<group>"; };
		D085AA6513DBA6F600DEC640 /* CCSpriteFrame.h */ = {isa = PBXFileReference; name = CCSpriteFrame.h; path = libs/cocos2d/CCSpriteFrame.h; sourceTree = "<group>"; };
		D085AA6613DBA6F600DEC640 /* CCSpriteFrame.m */ = {isa = PBXFileReference; lastKnownFileType = sourcecode.c.objc; name = CCSpriteFrame.m; path = libs/cocos2d/CCSpriteFrame.m; sourceTree = "<group>"; };
		D085AA6813DBA6F600DEC640 /* CCSpriteFrameCache.h */ = {isa = PBXFileReference; name = CCSpriteFrameCache.h; path = libs/cocos2d/CCSpriteFrameCache.h; sourceTree = "<group>"; };
		D085AA6913DBA6F600DEC640 /* CCSpriteFrameCache.m */ = {isa = PBXFileReference; lastKnownFileType = sourcecode.c.objc; name = CCSpriteFrameCache.m; path = libs/cocos2d/CCSpriteFrameCache.m; sourceTree = "<group>"; };
		D085AA6B13DBA6F600DEC640 /* CCTexture2D.h */ = {isa = PBXFileReference; name = CCTexture2D.h; path = libs/cocos2d/CCTexture2D.h; sourceTree = "<group>"; };
		D085AA6C13DBA6F600DEC640 /* CCTexture2D.m */ = {isa = PBXFileReference; lastKnownFileType = sourcecode.c.objc; name = CCTexture2D.m; path = libs/cocos2d/CCTexture2D.m; sourceTree = "<group>"; };
		D085AA6E13DBA6F600DEC640 /* CCTextureAtlas.h */ = {isa = PBXFileReference; name = CCTextureAtlas.h; path = libs/cocos2d/CCTextureAtlas.h; sourceTree = "<group>"; };
		D085AA6F13DBA6F600DEC640 /* CCTextureAtlas.m */ = {isa = PBXFileReference; lastKnownFileType = sourcecode.c.objc; name = CCTextureAtlas.m; path = libs/cocos2d/CCTextureAtlas.m; sourceTree = "<group>"; };
		D085AA7113DBA6F600DEC640 /* CCTextureCache.h */ = {isa = PBXFileReference; name = CCTextureCache.h; path = libs/cocos2d/CCTextureCache.h; sourceTree = "<group>"; };
		D085AA7213DBA6F600DEC640 /* CCTextureCache.m */ = {isa = PBXFileReference; lastKnownFileType = sourcecode.c.objc; name = CCTextureCache.m; path = libs/cocos2d/CCTextureCache.m; sourceTree = "<group>"; };
		D085AA7413DBA6F600DEC640 /* CCTexturePVR.h */ = {isa = PBXFileReference; name = CCTexturePVR.h; path = libs/cocos2d/CCTexturePVR.h; sourceTree = "<group>"; };
		D085AA7513DBA6F600DEC640 /* CCTexturePVR.m */ = {isa = PBXFileReference; lastKnownFileType = sourcecode.c.objc; name = CCTexturePVR.m; path = libs/cocos2d/CCTexturePVR.m; sourceTree = "<group>"; };
		D085AA7713DBA6F600DEC640 /* CCTileMapAtlas.h */ = {isa = PBXFileReference; name = CCTileMapAtlas.h; path = libs/cocos2d/CCTileMapAtlas.h; sourceTree = "<group>"; };
		D085AA7813DBA6F600DEC640 /* CCTileMapAtlas.m */ = {isa = PBXFileReference; lastKnownFileType = sourcecode.c.objc; name = CCTileMapAtlas.m; path = libs/cocos2d/CCTileMapAtlas.m; sourceTree = "<group>"; };
		D085AA7A13DBA6F600DEC640 /* CCTMXLayer.h */ = {isa = PBXFileReference; name = CCTMXLayer.h; path = libs/cocos2d/CCTMXLayer.h; sourceTree = "<group>"; };
		D085AA7B13DBA6F600DEC640 /* CCTMXLayer.m */ = {isa = PBXFileReference; lastKnownFileType = sourcecode.c.objc; name = CCTMXLayer.m; path = libs/cocos2d/CCTMXLayer.m; sourceTree = "<group>"; };
		D085AA7D13DBA6F600DEC640 /* CCTMXObjectGroup.h */ = {isa = PBXFileReference; name = CCTMXObjectGroup.h; path = libs/cocos2d/CCTMXObjectGroup.h; sourceTree = "<group>"; };
		D085AA7E13DBA6F600DEC640 /* CCTMXObjectGroup.m */ = {isa = PBXFileReference; lastKnownFileType = sourcecode.c.objc; name = CCTMXObjectGroup.m; path = libs/cocos2d/CCTMXObjectGroup.m; sourceTree = "<group>"; };
		D085AA8013DBA6F600DEC640 /* CCTMXTiledMap.h */ = {isa = PBXFileReference; name = CCTMXTiledMap.h; path = libs/cocos2d/CCTMXTiledMap.h; sourceTree = "<group>"; };
		D085AA8113DBA6F600DEC640 /* CCTMXTiledMap.m */ = {isa = PBXFileReference; lastKnownFileType = sourcecode.c.objc; name = CCTMXTiledMap.m; path = libs/cocos2d/CCTMXTiledMap.m; sourceTree = "<group>"; };
		D085AA8313DBA6F600DEC640 /* CCTMXXMLParser.h */ = {isa = PBXFileReference; name = CCTMXXMLParser.h; path = libs/cocos2d/CCTMXXMLParser.h; sourceTree = "<group>"; };
		D085AA8413DBA6F600DEC640 /* CCTMXXMLParser.m */ = {isa = PBXFileReference; lastKnownFileType = sourcecode.c.objc; name = CCTMXXMLParser.m; path = libs/cocos2d/CCTMXXMLParser.m; sourceTree = "<group>"; };
		D085AA8613DBA6F600DEC640 /* CCTransition.h */ = {isa = PBXFileReference; name = CCTransition.h; path = libs/cocos2d/CCTransition.h; sourceTree = "<group>"; };
		D085AA8713DBA6F600DEC640 /* CCTransition.m */ = {isa = PBXFileReference; lastKnownFileType = sourcecode.c.objc; name = CCTransition.m; path = libs/cocos2d/CCTransition.m; sourceTree = "<group>"; };
		D085AA8913DBA6F600DEC640 /* CCTransitionPageTurn.h */ = {isa = PBXFileReference; name = CCTransitionPageTurn.h; path = libs/cocos2d/CCTransitionPageTurn.h; sourceTree = "<group>"; };
		D085AA8A13DBA6F600DEC640 /* CCTransitionPageTurn.m */ = {isa = PBXFileReference; lastKnownFileType = sourcecode.c.objc; name = CCTransitionPageTurn.m; path = libs/cocos2d/CCTransitionPageTurn.m; sourceTree = "<group>"; };
		D085AA8C13DBA6F600DEC640 /* CCTransitionRadial.h */ = {isa = PBXFileReference; name = CCTransitionRadial.h; path = libs/cocos2d/CCTransitionRadial.h; sourceTree = "<group>"; };
		D085AA8D13DBA6F600DEC640 /* CCTransitionRadial.m */ = {isa = PBXFileReference; lastKnownFileType = sourcecode.c.objc; name = CCTransitionRadial.m; path = libs/cocos2d/CCTransitionRadial.m; sourceTree = "<group>"; };
		D085AA8F13DBA6F600DEC640 /* ccTypes.h */ = {isa = PBXFileReference; name = ccTypes.h; path = libs/cocos2d/ccTypes.h; sourceTree = "<group>"; };
		D085AA9013DBA6F600DEC640 /* cocos2d.h */ = {isa = PBXFileReference; name = cocos2d.h; path = libs/cocos2d/cocos2d.h; sourceTree = "<group>"; };
		D085AA9113DBA6F600DEC640 /* cocos2d.m */ = {isa = PBXFileReference; lastKnownFileType = sourcecode.c.objc; name = cocos2d.m; path = libs/cocos2d/cocos2d.m; sourceTree = "<group>"; };
		D085AA9313DBA6F600DEC640 /* CCGL.h */ = {isa = PBXFileReference; name = CCGL.h; path = libs/cocos2d/Platforms/CCGL.h; sourceTree = "<group>"; };
		D085AA9413DBA6F600DEC640 /* CCNS.h */ = {isa = PBXFileReference; name = CCNS.h; path = libs/cocos2d/Platforms/CCNS.h; sourceTree = "<group>"; };
		D085AA9513DBA6F600DEC640 /* CCDirectorIOS.h */ = {isa = PBXFileReference; name = CCDirectorIOS.h; path = libs/cocos2d/Platforms/iOS/CCDirectorIOS.h; sourceTree = "<group>"; };
		D085AA9613DBA6F600DEC640 /* CCDirectorIOS.m */ = {isa = PBXFileReference; lastKnownFileType = sourcecode.c.objc; name = CCDirectorIOS.m; path = libs/cocos2d/Platforms/iOS/CCDirectorIOS.m; sourceTree = "<group>"; };
		D085AA9813DBA6F600DEC640 /* CCTouchDelegateProtocol.h */ = {isa = PBXFileReference; name = CCTouchDelegateProtocol.h; path = libs/cocos2d/Platforms/iOS/CCTouchDelegateProtocol.h; sourceTree = "<group>"; };
		D085AA9913DBA6F600DEC640 /* CCTouchDispatcher.h */ = {isa = PBXFileReference; name = CCTouchDispatcher.h; path = libs/cocos2d/Platforms/iOS/CCTouchDispatcher.h; sourceTree = "<group>"; };
		D085AA9A13DBA6F600DEC640 /* CCTouchDispatcher.m */ = {isa = PBXFileReference; lastKnownFileType = sourcecode.c.objc; name = CCTouchDispatcher.m; path = libs/cocos2d/Platforms/iOS/CCTouchDispatcher.m; sourceTree = "<group>"; };
		D085AA9C13DBA6F600DEC640 /* CCTouchHandler.h */ = {isa = PBXFileReference; name = CCTouchHandler.h; path = libs/cocos2d/Platforms/iOS/CCTouchHandler.h; sourceTree = "<group>"; };
		D085AA9D13DBA6F600DEC640 /* CCTouchHandler.m */ = {isa = PBXFileReference; lastKnownFileType = sourcecode.c.objc; name = CCTouchHandler.m; path = libs/cocos2d/Platforms/iOS/CCTouchHandler.m; sourceTree = "<group>"; };
		D085AA9F13DBA6F600DEC640 /* EAGLView.h */ = {isa = PBXFileReference; name = EAGLView.h; path = libs/cocos2d/Platforms/iOS/EAGLView.h; sourceTree = "<group>"; };
		D085AAA013DBA6F600DEC640 /* EAGLView.m */ = {isa = PBXFileReference; lastKnownFileType = sourcecode.c.objc; name = EAGLView.m; path = libs/cocos2d/Platforms/iOS/EAGLView.m; sourceTree = "<group>"; };
		D085AAA213DBA6F600DEC640 /* ES1Renderer.h */ = {isa = PBXFileReference; name = ES1Renderer.h; path = libs/cocos2d/Platforms/iOS/ES1Renderer.h; sourceTree = "<group>"; };
		D085AAA313DBA6F600DEC640 /* ES1Renderer.m */ = {isa = PBXFileReference; lastKnownFileType = sourcecode.c.objc; name = ES1Renderer.m; path = libs/cocos2d/Platforms/iOS/ES1Renderer.m; sourceTree = "<group>"; };
		D085AAA513DBA6F600DEC640 /* ESRenderer.h */ = {isa = PBXFileReference; name = ESRenderer.h; path = libs/cocos2d/Platforms/iOS/ESRenderer.h; sourceTree = "<group>"; };
		D085AAA613DBA6F700DEC640 /* glu.c */ = {isa = PBXFileReference; lastKnownFileType = sourcecode.c.c; name = glu.c; path = libs/cocos2d/Platforms/iOS/glu.c; sourceTree = "<group>"; };
		D085AAA813DBA6F700DEC640 /* glu.h */ = {isa = PBXFileReference; name = glu.h; path = libs/cocos2d/Platforms/iOS/glu.h; sourceTree = "<group>"; };
		D085AAA913DBA6F700DEC640 /* CCDirectorMac.h */ = {isa = PBXFileReference; name = CCDirectorMac.h; path = libs/cocos2d/Platforms/Mac/CCDirectorMac.h; sourceTree = "<group>"; };
		D085AAAA13DBA6F700DEC640 /* CCDirectorMac.m */ = {isa = PBXFileReference; lastKnownFileType = sourcecode.c.objc; name = CCDirectorMac.m; path = libs/cocos2d/Platforms/Mac/CCDirectorMac.m; sourceTree = "<group>"; };
		D085AAAC13DBA6F700DEC640 /* CCEventDispatcher.h */ = {isa = PBXFileReference; name = CCEventDispatcher.h; path = libs/cocos2d/Platforms/Mac/CCEventDispatcher.h; sourceTree = "<group>"; };
		D085AAAD13DBA6F700DEC640 /* CCEventDispatcher.m */ = {isa = PBXFileReference; lastKnownFileType = sourcecode.c.objc; name = CCEventDispatcher.m; path = libs/cocos2d/Platforms/Mac/CCEventDispatcher.m; sourceTree = "<group>"; };
		D085AAAF13DBA6F700DEC640 /* MacGLView.h */ = {isa = PBXFileReference; name = MacGLView.h; path = libs/cocos2d/Platforms/Mac/MacGLView.h; sourceTree = "<group>"; };
		D085AAB013DBA6F700DEC640 /* MacGLView.m */ = {isa = PBXFileReference; lastKnownFileType = sourcecode.c.objc; name = MacGLView.m; path = libs/cocos2d/Platforms/Mac/MacGLView.m; sourceTree = "<group>"; };
		D085AAB213DBA6F700DEC640 /* MacWindow.h */ = {isa = PBXFileReference; name = MacWindow.h; path = libs/cocos2d/Platforms/Mac/MacWindow.h; sourceTree = "<group>"; };
		D085AAB313DBA6F700DEC640 /* MacWindow.m */ = {isa = PBXFileReference; lastKnownFileType = sourcecode.c.objc; name = MacWindow.m; path = libs/cocos2d/Platforms/Mac/MacWindow.m; sourceTree = "<group>"; };
		D085AAB513DBA6F700DEC640 /* base64.c */ = {isa = PBXFileReference; lastKnownFileType = sourcecode.c.c; name = base64.c; path = libs/cocos2d/Support/base64.c; sourceTree = "<group>"; };
		D085AAB713DBA6F700DEC640 /* base64.h */ = {isa = PBXFileReference; name = base64.h; path = libs/cocos2d/Support/base64.h; sourceTree = "<group>"; };
		D085AAB813DBA6F700DEC640 /* CCArray.h */ = {isa = PBXFileReference; name = CCArray.h; path = libs/cocos2d/Support/CCArray.h; sourceTree = "<group>"; };
		D085AAB913DBA6F700DEC640 /* CCArray.m */ = {isa = PBXFileReference; lastKnownFileType = sourcecode.c.objc; name = CCArray.m; path = libs/cocos2d/Support/CCArray.m; sourceTree = "<group>"; };
		D085AABB13DBA6F700DEC640 /* ccCArray.h */ = {isa = PBXFileReference; name = ccCArray.h; path = libs/cocos2d/Support/ccCArray.h; sourceTree = "<group>"; };
		D085AABC13DBA6F700DEC640 /* CCFileUtils.h */ = {isa = PBXFileReference; name = CCFileUtils.h; path = libs/cocos2d/Support/CCFileUtils.h; sourceTree = "<group>"; };
		D085AABD13DBA6F700DEC640 /* CCFileUtils.m */ = {isa = PBXFileReference; lastKnownFileType = sourcecode.c.objc; name = CCFileUtils.m; path = libs/cocos2d/Support/CCFileUtils.m; sourceTree = "<group>"; };
		D085AABF13DBA6F700DEC640 /* CCProfiling.h */ = {isa = PBXFileReference; name = CCProfiling.h; path = libs/cocos2d/Support/CCProfiling.h; sourceTree = "<group>"; };
		D085AAC013DBA6F700DEC640 /* CCProfiling.m */ = {isa = PBXFileReference; lastKnownFileType = sourcecode.c.objc; name = CCProfiling.m; path = libs/cocos2d/Support/CCProfiling.m; sourceTree = "<group>"; };
		D085AAC213DBA6F700DEC640 /* ccUtils.c */ = {isa = PBXFileReference; lastKnownFileType = sourcecode.c.c; name = ccUtils.c; path = libs/cocos2d/Support/ccUtils.c; sourceTree = "<group>"; };
		D085AAC413DBA6F700DEC640 /* ccUtils.h */ = {isa = PBXFileReference; name = ccUtils.h; path = libs/cocos2d/Support/ccUtils.h; sourceTree = "<group>"; };
		D085AAC513DBA6F700DEC640 /* CGPointExtension.h */ = {isa = PBXFileReference; name = CGPointExtension.h; path = libs/cocos2d/Support/CGPointExtension.h; sourceTree = "<group>"; };
		D085AAC613DBA6F700DEC640 /* CGPointExtension.m */ = {isa = PBXFileReference; lastKnownFileType = sourcecode.c.objc; name = CGPointExtension.m; path = libs/cocos2d/Support/CGPointExtension.m; sourceTree = "<group>"; };
		D085AAC813DBA6F700DEC640 /* OpenGL_Internal.h */ = {isa = PBXFileReference; name = OpenGL_Internal.h; path = libs/cocos2d/Support/OpenGL_Internal.h; sourceTree = "<group>"; };
		D085AAC913DBA6F700DEC640 /* TGAlib.h */ = {isa = PBXFileReference; name = TGAlib.h; path = libs/cocos2d/Support/TGAlib.h; sourceTree = "<group>"; };
		D085AACA13DBA6F700DEC640 /* TGAlib.m */ = {isa = PBXFileReference; lastKnownFileType = sourcecode.c.objc; name = TGAlib.m; path = libs/cocos2d/Support/TGAlib.m; sourceTree = "<group>"; };
		D085AACC13DBA6F700DEC640 /* TransformUtils.h */ = {isa = PBXFileReference; name = TransformUtils.h; path = libs/cocos2d/Support/TransformUtils.h; sourceTree = "<group>"; };
		D085AACD13DBA6F700DEC640 /* TransformUtils.m */ = {isa = PBXFileReference; lastKnownFileType = sourcecode.c.objc; name = TransformUtils.m; path = libs/cocos2d/Support/TransformUtils.m; sourceTree = "<group>"; };
		D085AACF13DBA6F700DEC640 /* uthash.h */ = {isa = PBXFileReference; name = uthash.h; path = libs/cocos2d/Support/uthash.h; sourceTree = "<group>"; };
		D085AAD013DBA6F700DEC640 /* utlist.h */ = {isa = PBXFileReference; name = utlist.h; path = libs/cocos2d/Support/utlist.h; sourceTree = "<group>"; };
		D085AAD113DBA6F700DEC640 /* ZipUtils.h */ = {isa = PBXFileReference; name = ZipUtils.h; path = libs/cocos2d/Support/ZipUtils.h; sourceTree = "<group>"; };
		D085AAD213DBA6F700DEC640 /* ZipUtils.m */ = {isa = PBXFileReference; lastKnownFileType = sourcecode.c.objc; name = ZipUtils.m; path = libs/cocos2d/Support/ZipUtils.m; sourceTree = "<group>"; };
		D085AAD513DBA6F700DEC640 /* CDAudioManager.h */ = {isa = PBXFileReference; name = CDAudioManager.h; path = libs/CocosDenshion/CDAudioManager.h; sourceTree = "<group>"; };
		D085AAD613DBA6F700DEC640 /* CDAudioManager.m */ = {isa = PBXFileReference; lastKnownFileType = sourcecode.c.objc; name = CDAudioManager.m; path = libs/CocosDenshion/CDAudioManager.m; sourceTree = "<group>"; };
		D085AAD813DBA6F700DEC640 /* CDConfig.h */ = {isa = PBXFileReference; name = CDConfig.h; path = libs/CocosDenshion/CDConfig.h; sourceTree = "<group>"; };
		D085AAD913DBA6F700DEC640 /* CDOpenALSupport.h */ = {isa = PBXFileReference; name = CDOpenALSupport.h; path = libs/CocosDenshion/CDOpenALSupport.h; sourceTree = "<group>"; };
		D085AADA13DBA6F700DEC640 /* CDOpenALSupport.m */ = {isa = PBXFileReference; lastKnownFileType = sourcecode.c.objc; name = CDOpenALSupport.m; path = libs/CocosDenshion/CDOpenALSupport.m; sourceTree = "<group>"; };
		D085AADC13DBA6F700DEC640 /* CocosDenshion.h */ = {isa = PBXFileReference; name = CocosDenshion.h; path = libs/CocosDenshion/CocosDenshion.h; sourceTree = "<group>"; };
		D085AADD13DBA6F700DEC640 /* CocosDenshion.m */ = {isa = PBXFileReference; lastKnownFileType = sourcecode.c.objc; name = CocosDenshion.m; path = libs/CocosDenshion/CocosDenshion.m; sourceTree = "<group>"; };
		D085AADF13DBA6F700DEC640 /* SimpleAudioEngine.h */ = {isa = PBXFileReference; name = SimpleAudioEngine.h; path = libs/CocosDenshion/SimpleAudioEngine.h; sourceTree = "<group>"; };
		D085AAE013DBA6F700DEC640 /* SimpleAudioEngine.m */ = {isa = PBXFileReference; lastKnownFileType = sourcecode.c.objc; name = SimpleAudioEngine.m; path = libs/CocosDenshion/SimpleAudioEngine.m; sourceTree = "<group>"; };
		D085AAE313DBA6F700DEC640 /* CLScoreServerPost.h */ = {isa = PBXFileReference; name = CLScoreServerPost.h; path = libs/cocoslive/CLScoreServerPost.h; sourceTree = "<group>"; };
		D085AAE413DBA6F700DEC640 /* CLScoreServerPost.m */ = {isa = PBXFileReference; lastKnownFileType = sourcecode.c.objc; name = CLScoreServerPost.m; path = libs/cocoslive/CLScoreServerPost.m; sourceTree = "<group>"; };
		D085AAE613DBA6F700DEC640 /* CLScoreServerRequest.h */ = {isa = PBXFileReference; name = CLScoreServerRequest.h; path = libs/cocoslive/CLScoreServerRequest.h; sourceTree = "<group>"; };
		D085AAE713DBA6F700DEC640 /* CLScoreServerRequest.m */ = {isa = PBXFileReference; lastKnownFileType = sourcecode.c.objc; name = CLScoreServerRequest.m; path = libs/cocoslive/CLScoreServerRequest.m; sourceTree = "<group>"; };
		D085AAE913DBA6F700DEC640 /* cocoslive.h */ = {isa = PBXFileReference; name = cocoslive.h; path = libs/cocoslive/cocoslive.h; sourceTree = "<group>"; };
		D085AAEA13DBA6F700DEC640 /* cocoslive.m */ = {isa = PBXFileReference; lastKnownFileType = sourcecode.c.objc; name = cocoslive.m; path = libs/cocoslive/cocoslive.m; sourceTree = "<group>"; };
		D085AAED13DBA6F700DEC640 /* FontLabel.h */ = {isa = PBXFileReference; name = FontLabel.h; path = libs/FontLabel/FontLabel.h; sourceTree = "<group>"; };
		D085AAEE13DBA6F700DEC640 /* FontLabel.m */ = {isa = PBXFileReference; lastKnownFileType = sourcecode.c.objc; name = FontLabel.m; path = libs/FontLabel/FontLabel.m; sourceTree = "<group>"; };
		D085AAF013DBA6F700DEC640 /* FontLabelStringDrawing.h */ = {isa = PBXFileReference; name = FontLabelStringDrawing.h; path = libs/FontLabel/FontLabelStringDrawing.h; sourceTree = "<group>"; };
		D085AAF113DBA6F700DEC640 /* FontLabelStringDrawing.m */ = {isa = PBXFileReference; lastKnownFileType = sourcecode.c.objc; name = FontLabelStringDrawing.m; path = libs/FontLabel/FontLabelStringDrawing.m; sourceTree = "<group>"; };
		D085AAF313DBA6F700DEC640 /* FontManager.h */ = {isa = PBXFileReference; name = FontManager.h; path = libs/FontLabel/FontManager.h; sourceTree = "<group>"; };
		D085AAF413DBA6F700DEC640 /* FontManager.m */ = {isa = PBXFileReference; lastKnownFileType = sourcecode.c.objc; name = FontManager.m; path = libs/FontLabel/FontManager.m; sourceTree = "<group>"; };
		D085AAF613DBA6F700DEC640 /* ZAttributedString.h */ = {isa = PBXFileReference; name = ZAttributedString.h; path = libs/FontLabel/ZAttributedString.h; sourceTree = "<group>"; };
		D085AAF713DBA6F700DEC640 /* ZAttributedString.m */ = {isa = PBXFileReference; lastKnownFileType = sourcecode.c.objc; name = ZAttributedString.m; path = libs/FontLabel/ZAttributedString.m; sourceTree = "<group>"; };
		D085AAF913DBA6F700DEC640 /* ZAttributedStringPrivate.h */ = {isa = PBXFileReference; name = ZAttributedStringPrivate.h; path = libs/FontLabel/ZAttributedStringPrivate.h; sourceTree = "<group>"; };
		D085AAFA13DBA6F700DEC640 /* ZFont.h */ = {isa = PBXFileReference; name = ZFont.h; path = libs/FontLabel/ZFont.h; sourceTree = "<group>"; };
		D085AAFB13DBA6F700DEC640 /* ZFont.m */ = {isa = PBXFileReference; lastKnownFileType = sourcecode.c.objc; name = ZFont.m; path = libs/FontLabel/ZFont.m; sourceTree = "<group>"; };
		D085AAFE13DBA6F700DEC640 /* CDataScanner.h */ = {isa = PBXFileReference; name = CDataScanner.h; path = libs/TouchJSON/CDataScanner.h; sourceTree = "<group>"; };
		D085AAFF13DBA6F700DEC640 /* CDataScanner.m */ = {isa = PBXFileReference; lastKnownFileType = sourcecode.c.objc; name = CDataScanner.m; path = libs/TouchJSON/CDataScanner.m; sourceTree = "<group>"; };
		D085AB0113DBA6F700DEC640 /* CDataScanner_Extensions.h */ = {isa = PBXFileReference; name = CDataScanner_Extensions.h; path = libs/TouchJSON/Extensions/CDataScanner_Extensions.h; sourceTree = "<group>"; };
		D085AB0213DBA6F700DEC640 /* CDataScanner_Extensions.m */ = {isa = PBXFileReference; lastKnownFileType = sourcecode.c.objc; name = CDataScanner_Extensions.m; path = libs/TouchJSON/Extensions/CDataScanner_Extensions.m; sourceTree = "<group>"; };
		D085AB0413DBA6F700DEC640 /* NSCharacterSet_Extensions.h */ = {isa = PBXFileReference; name = NSCharacterSet_Extensions.h; path = libs/TouchJSON/Extensions/NSCharacterSet_Extensions.h; sourceTree = "<group>"; };
		D085AB0513DBA6F700DEC640 /* NSCharacterSet_Extensions.m */ = {isa = PBXFileReference; lastKnownFileType = sourcecode.c.objc; name = NSCharacterSet_Extensions.m; path = libs/TouchJSON/Extensions/NSCharacterSet_Extensions.m; sourceTree = "<group>"; };
		D085AB0713DBA6F700DEC640 /* NSDictionary_JSONExtensions.h */ = {isa = PBXFileReference; name = NSDictionary_JSONExtensions.h; path = libs/TouchJSON/Extensions/NSDictionary_JSONExtensions.h; sourceTree = "<group>"; };
		D085AB0813DBA6F700DEC640 /* NSDictionary_JSONExtensions.m */ = {isa = PBXFileReference; lastKnownFileType = sourcecode.c.objc; name = NSDictionary_JSONExtensions.m; path = libs/TouchJSON/Extensions/NSDictionary_JSONExtensions.m; sourceTree = "<group>"; };
		D085AB0A13DBA6F700DEC640 /* NSScanner_Extensions.h */ = {isa = PBXFileReference; name = NSScanner_Extensions.h; path = libs/TouchJSON/Extensions/NSScanner_Extensions.h; sourceTree = "<group>"; };
		D085AB0B13DBA6F700DEC640 /* NSScanner_Extensions.m */ = {isa = PBXFileReference; lastKnownFileType = sourcecode.c.objc; name = NSScanner_Extensions.m; path = libs/TouchJSON/Extensions/NSScanner_Extensions.m; sourceTree = "<group>"; };
		D085AB0D13DBA6F700DEC640 /* CJSONDeserializer.h */ = {isa = PBXFileReference; name = CJSONDeserializer.h; path = libs/TouchJSON/JSON/CJSONDeserializer.h; sourceTree = "<group>"; };
		D085AB0E13DBA6F700DEC640 /* CJSONDeserializer.m */ = {isa = PBXFileReference; lastKnownFileType = sourcecode.c.objc; name = CJSONDeserializer.m; path = libs/TouchJSON/JSON/CJSONDeserializer.m; sourceTree = "<group>"; };
		D085AB1013DBA6F700DEC640 /* CJSONScanner.h */ = {isa = PBXFileReference; name = CJSONScanner.h; path = libs/TouchJSON/JSON/CJSONScanner.h; sourceTree = "<group>"; };
		D085AB1113DBA6F700DEC640 /* CJSONScanner.m */ = {isa = PBXFileReference; lastKnownFileType = sourcecode.c.objc; name = CJSONScanner.m; path = libs/TouchJSON/JSON/CJSONScanner.m; sourceTree = "<group>"; };
		D085AB1313DBA6F700DEC640 /* CJSONSerializer.h */ = {isa = PBXFileReference; name = CJSONSerializer.h; path = libs/TouchJSON/JSON/CJSONSerializer.h; sourceTree = "<group>"; };
		D085AB1413DBA6F700DEC640 /* CJSONSerializer.m */ = {isa = PBXFileReference; lastKnownFileType = sourcecode.c.objc; name = CJSONSerializer.m; path = libs/TouchJSON/JSON/CJSONSerializer.m; sourceTree = "<group>"; };
		D085AB1713DBA6F700DEC640 /* Prefix.pch */ = {isa = PBXFileReference; path = Prefix.pch; sourceTree = "<group>"; };
		D085AB1813DBA6F700DEC640 /* main.m */ = {isa = PBXFileReference; lastKnownFileType = sourcecode.c.objc; path = main.m; sourceTree = "<group>"; };
		D085AB1A13DBA6F700DEC640 /* AppDelegate.h */ = {isa = PBXFileReference; path = AppDelegate.h; sourceTree = "<group>"; };
		D085AB1B13DBA6F700DEC640 /* AppDelegate.m */ = {isa = PBXFileReference; lastKnownFileType = sourcecode.c.objc; path = AppDelegate.m; sourceTree = "<group>"; };
		D085AB1D13DBA6F700DEC640 /* RootViewController.h */ = {isa = PBXFileReference; path = RootViewController.h; sourceTree = "<group>"; };
		D085AB1E13DBA6F700DEC640 /* RootViewController.m */ = {isa = PBXFileReference; lastKnownFileType = sourcecode.c.objc; path = RootViewController.m; sourceTree = "<group>"; };
		D085AB2013DBA6F700DEC640 /* HelloWorldLayer.h */ = {isa = PBXFileReference; path = HelloWorldLayer.h; sourceTree = "<group>"; };
		D085AB2113DBA6F700DEC640 /* HelloWorldLayer.m */ = {isa = PBXFileReference; lastKnownFileType = sourcecode.c.objc; path = HelloWorldLayer.m; sourceTree = "<group>"; };
		D085AB2313DBA6F700DEC640 /* GameConfig.h */ = {isa = PBXFileReference; path = GameConfig.h; sourceTree = "<group>"; };
/* End PBXFileReference section */

/* Begin PBXFrameworksBuildPhase section */
		D085A9B713DBA6F500DEC640 /* Frameworks */ = {
			isa = PBXFrameworksBuildPhase;
			buildActionMask = 2147483647;
			files = (
				D085A9BF13DBA6F500DEC640 /* QuartzCore.framework in Frameworks */,
				D085A9C113DBA6F500DEC640 /* OpenGLES.framework in Frameworks */,
				D085A9C313DBA6F500DEC640 /* OpenAL.framework in Frameworks */,
				D085A9C513DBA6F500DEC640 /* AudioToolbox.framework in Frameworks */,
				D085A9C713DBA6F500DEC640 /* AVFoundation.framework in Frameworks */,
				D085A9C913DBA6F500DEC640 /* UIKit.framework in Frameworks */,
				D085A9CB13DBA6F500DEC640 /* Foundation.framework in Frameworks */,
				D085A9CD13DBA6F500DEC640 /* CoreGraphics.framework in Frameworks */,
			);
			runOnlyForDeploymentPostprocessing = 0;
		};
/* End PBXFrameworksBuildPhase section */

/* Begin PBXGroup section */
		D085A9AF13DBA6F500DEC640 = {
			isa = PBXGroup;
			children = (
				D085A9CE13DBA6F500DEC640 /* DeadRooms */,
				D085A9BD13DBA6F500DEC640 /* Frameworks */,
				D085A9BB13DBA6F500DEC640 /* Products */,
			);
			sourceTree = "<group>";
		};
		D085A9BB13DBA6F500DEC640 /* Products */ = {
			isa = PBXGroup;
			children = (
				D085A9BA13DBA6F500DEC640 /* DeadRooms.app */,
			);
			name = Products;
			sourceTree = "<group>";
		};
		D085A9BD13DBA6F500DEC640 /* Frameworks */ = {
			isa = PBXGroup;
			children = (
				D085A9BE13DBA6F500DEC640 /* QuartzCore.framework */,
				D085A9C013DBA6F500DEC640 /* OpenGLES.framework */,
				D085A9C213DBA6F500DEC640 /* OpenAL.framework */,
				D085A9C413DBA6F500DEC640 /* AudioToolbox.framework */,
				D085A9C613DBA6F500DEC640 /* AVFoundation.framework */,
				D085A9C813DBA6F500DEC640 /* UIKit.framework */,
				D085A9CA13DBA6F500DEC640 /* Foundation.framework */,
				D085A9CC13DBA6F500DEC640 /* CoreGraphics.framework */,
			);
			name = Frameworks;
			sourceTree = "<group>";
		};
		D085A9CE13DBA6F500DEC640 /* DeadRooms */ = {
			isa = PBXGroup;
			children = (
				D085AB1A13DBA6F700DEC640 /* AppDelegate.h */,
				D085AB1B13DBA6F700DEC640 /* AppDelegate.m */,
				D085AB1D13DBA6F700DEC640 /* RootViewController.h */,
				D085AB1E13DBA6F700DEC640 /* RootViewController.m */,
				D085AB2013DBA6F700DEC640 /* HelloWorldLayer.h */,
				D085AB2113DBA6F700DEC640 /* HelloWorldLayer.m */,
				D085AB2313DBA6F700DEC640 /* GameConfig.h */,
				D085A9CF13DBA6F500DEC640 /* Resources */,
				D085A9E313DBA6F500DEC640 /* cocos2d */,
				D085AAD413DBA6F700DEC640 /* CocosDenshion */,
				D085AAE213DBA6F700DEC640 /* cocoslive */,
				D085AAEC13DBA6F700DEC640 /* FontLabel */,
				D085AAFD13DBA6F700DEC640 /* TouchJSON */,
				D085AB1613DBA6F700DEC640 /* Supporting Files */,
			);
			path = DeadRooms;
			sourceTree = "<group>";
		};
		D085A9CF13DBA6F500DEC640 /* Resources */ = {
			isa = PBXGroup;
			children = (
				D085A9D013DBA6F500DEC640 /* Default.png */,
				D085A9D213DBA6F500DEC640 /* fps_images.png */,
				D085A9D413DBA6F500DEC640 /* Icon-72.png */,
				D085A9D613DBA6F500DEC640 /* Icon-Small-50.png */,
				D085A9D813DBA6F500DEC640 /* Icon-Small.png */,
				D085A9DA13DBA6F500DEC640 /* Icon-Small@2x.png */,
				D085A9DC13DBA6F500DEC640 /* Icon.png */,
				D085A9DE13DBA6F500DEC640 /* Icon@2x.png */,
				D085A9E013DBA6F500DEC640 /* Info.plist */,
				D085A9E113DBA6F500DEC640 /* iTunesArtwork */,
			);
			name = Resources;
			sourceTree = "<group>";
		};
		D085A9E313DBA6F500DEC640 /* cocos2d */ = {
			isa = PBXGroup;
			children = (
				D085A9E413DBA6F500DEC640 /* CCAction.h */,
				D085A9E513DBA6F500DEC640 /* CCAction.m */,
				D085A9E713DBA6F500DEC640 /* CCActionCamera.h */,
				D085A9E813DBA6F500DEC640 /* CCActionCamera.m */,
				D085A9EA13DBA6F500DEC640 /* CCActionEase.h */,
				D085A9EB13DBA6F500DEC640 /* CCActionEase.m */,
				D085A9ED13DBA6F500DEC640 /* CCActionGrid.h */,
				D085A9EE13DBA6F500DEC640 /* CCActionGrid.m */,
				D085A9F013DBA6F500DEC640 /* CCActionGrid3D.h */,
				D085A9F113DBA6F500DEC640 /* CCActionGrid3D.m */,
				D085A9F313DBA6F600DEC640 /* CCActionInstant.h */,
				D085A9F413DBA6F600DEC640 /* CCActionInstant.m */,
				D085A9F613DBA6F600DEC640 /* CCActionInterval.h */,
				D085A9F713DBA6F600DEC640 /* CCActionInterval.m */,
				D085A9F913DBA6F600DEC640 /* CCActionManager.h */,
				D085A9FA13DBA6F600DEC640 /* CCActionManager.m */,
				D085A9FC13DBA6F600DEC640 /* CCActionPageTurn3D.h */,
				D085A9FD13DBA6F600DEC640 /* CCActionPageTurn3D.m */,
				D085A9FF13DBA6F600DEC640 /* CCActionProgressTimer.h */,
				D085AA0013DBA6F600DEC640 /* CCActionProgressTimer.m */,
				D085AA0213DBA6F600DEC640 /* CCActionTiledGrid.h */,
				D085AA0313DBA6F600DEC640 /* CCActionTiledGrid.m */,
				D085AA0513DBA6F600DEC640 /* CCActionTween.h */,
				D085AA0613DBA6F600DEC640 /* CCActionTween.m */,
				D085AA0813DBA6F600DEC640 /* CCAnimation.h */,
				D085AA0913DBA6F600DEC640 /* CCAnimation.m */,
				D085AA0B13DBA6F600DEC640 /* CCAnimationCache.h */,
				D085AA0C13DBA6F600DEC640 /* CCAnimationCache.m */,
				D085AA0E13DBA6F600DEC640 /* CCAtlasNode.h */,
				D085AA0F13DBA6F600DEC640 /* CCAtlasNode.m */,
				D085AA1113DBA6F600DEC640 /* CCBlockSupport.h */,
				D085AA1213DBA6F600DEC640 /* CCBlockSupport.m */,
				D085AA1413DBA6F600DEC640 /* CCCamera.h */,
				D085AA1513DBA6F600DEC640 /* CCCamera.m */,
				D085AA1713DBA6F600DEC640 /* ccConfig.h */,
				D085AA1813DBA6F600DEC640 /* CCConfiguration.h */,
				D085AA1913DBA6F600DEC640 /* CCConfiguration.m */,
				D085AA1B13DBA6F600DEC640 /* CCDirector.h */,
				D085AA1C13DBA6F600DEC640 /* CCDirector.m */,
				D085AA1E13DBA6F600DEC640 /* CCDrawingPrimitives.h */,
				D085AA1F13DBA6F600DEC640 /* CCDrawingPrimitives.m */,
				D085AA2113DBA6F600DEC640 /* CCGrabber.h */,
				D085AA2213DBA6F600DEC640 /* CCGrabber.m */,
				D085AA2413DBA6F600DEC640 /* CCGrid.h */,
				D085AA2513DBA6F600DEC640 /* CCGrid.m */,
				D085AA2713DBA6F600DEC640 /* CCLabelAtlas.h */,
				D085AA2813DBA6F600DEC640 /* CCLabelAtlas.m */,
				D085AA2A13DBA6F600DEC640 /* CCLabelBMFont.h */,
				D085AA2B13DBA6F600DEC640 /* CCLabelBMFont.m */,
				D085AA2D13DBA6F600DEC640 /* CCLabelTTF.h */,
				D085AA2E13DBA6F600DEC640 /* CCLabelTTF.m */,
				D085AA3013DBA6F600DEC640 /* CCLayer.h */,
				D085AA3113DBA6F600DEC640 /* CCLayer.m */,
				D085AA3313DBA6F600DEC640 /* ccMacros.h */,
				D085AA3413DBA6F600DEC640 /* CCMenu.h */,
				D085AA3513DBA6F600DEC640 /* CCMenu.m */,
				D085AA3713DBA6F600DEC640 /* CCMenuItem.h */,
				D085AA3813DBA6F600DEC640 /* CCMenuItem.m */,
				D085AA3A13DBA6F600DEC640 /* CCMotionStreak.h */,
				D085AA3B13DBA6F600DEC640 /* CCMotionStreak.m */,
				D085AA3D13DBA6F600DEC640 /* CCNode.h */,
				D085AA3E13DBA6F600DEC640 /* CCNode.m */,
				D085AA4013DBA6F600DEC640 /* CCParallaxNode.h */,
				D085AA4113DBA6F600DEC640 /* CCParallaxNode.m */,
				D085AA4313DBA6F600DEC640 /* CCParticleExamples.h */,
				D085AA4413DBA6F600DEC640 /* CCParticleExamples.m */,
				D085AA4613DBA6F600DEC640 /* CCParticleSystem.h */,
				D085AA4713DBA6F600DEC640 /* CCParticleSystem.m */,
				D085AA4913DBA6F600DEC640 /* CCParticleSystemPoint.h */,
				D085AA4A13DBA6F600DEC640 /* CCParticleSystemPoint.m */,
				D085AA4C13DBA6F600DEC640 /* CCParticleSystemQuad.h */,
				D085AA4D13DBA6F600DEC640 /* CCParticleSystemQuad.m */,
				D085AA4F13DBA6F600DEC640 /* CCProgressTimer.h */,
				D085AA5013DBA6F600DEC640 /* CCProgressTimer.m */,
				D085AA5213DBA6F600DEC640 /* CCProtocols.h */,
				D085AA5313DBA6F600DEC640 /* CCRenderTexture.h */,
				D085AA5413DBA6F600DEC640 /* CCRenderTexture.m */,
				D085AA5613DBA6F600DEC640 /* CCRibbon.h */,
				D085AA5713DBA6F600DEC640 /* CCRibbon.m */,
				D085AA5913DBA6F600DEC640 /* CCScene.h */,
				D085AA5A13DBA6F600DEC640 /* CCScene.m */,
				D085AA5C13DBA6F600DEC640 /* CCScheduler.h */,
				D085AA5D13DBA6F600DEC640 /* CCScheduler.m */,
				D085AA5F13DBA6F600DEC640 /* CCSprite.h */,
				D085AA6013DBA6F600DEC640 /* CCSprite.m */,
				D085AA6213DBA6F600DEC640 /* CCSpriteBatchNode.h */,
				D085AA6313DBA6F600DEC640 /* CCSpriteBatchNode.m */,
				D085AA6513DBA6F600DEC640 /* CCSpriteFrame.h */,
				D085AA6613DBA6F600DEC640 /* CCSpriteFrame.m */,
				D085AA6813DBA6F600DEC640 /* CCSpriteFrameCache.h */,
				D085AA6913DBA6F600DEC640 /* CCSpriteFrameCache.m */,
				D085AA6B13DBA6F600DEC640 /* CCTexture2D.h */,
				D085AA6C13DBA6F600DEC640 /* CCTexture2D.m */,
				D085AA6E13DBA6F600DEC640 /* CCTextureAtlas.h */,
				D085AA6F13DBA6F600DEC640 /* CCTextureAtlas.m */,
				D085AA7113DBA6F600DEC640 /* CCTextureCache.h */,
				D085AA7213DBA6F600DEC640 /* CCTextureCache.m */,
				D085AA7413DBA6F600DEC640 /* CCTexturePVR.h */,
				D085AA7513DBA6F600DEC640 /* CCTexturePVR.m */,
				D085AA7713DBA6F600DEC640 /* CCTileMapAtlas.h */,
				D085AA7813DBA6F600DEC640 /* CCTileMapAtlas.m */,
				D085AA7A13DBA6F600DEC640 /* CCTMXLayer.h */,
				D085AA7B13DBA6F600DEC640 /* CCTMXLayer.m */,
				D085AA7D13DBA6F600DEC640 /* CCTMXObjectGroup.h */,
				D085AA7E13DBA6F600DEC640 /* CCTMXObjectGroup.m */,
				D085AA8013DBA6F600DEC640 /* CCTMXTiledMap.h */,
				D085AA8113DBA6F600DEC640 /* CCTMXTiledMap.m */,
				D085AA8313DBA6F600DEC640 /* CCTMXXMLParser.h */,
				D085AA8413DBA6F600DEC640 /* CCTMXXMLParser.m */,
				D085AA8613DBA6F600DEC640 /* CCTransition.h */,
				D085AA8713DBA6F600DEC640 /* CCTransition.m */,
				D085AA8913DBA6F600DEC640 /* CCTransitionPageTurn.h */,
				D085AA8A13DBA6F600DEC640 /* CCTransitionPageTurn.m */,
				D085AA8C13DBA6F600DEC640 /* CCTransitionRadial.h */,
				D085AA8D13DBA6F600DEC640 /* CCTransitionRadial.m */,
				D085AA8F13DBA6F600DEC640 /* ccTypes.h */,
				D085AA9013DBA6F600DEC640 /* cocos2d.h */,
				D085AA9113DBA6F600DEC640 /* cocos2d.m */,
				D085AA9313DBA6F600DEC640 /* CCGL.h */,
				D085AA9413DBA6F600DEC640 /* CCNS.h */,
				D085AA9513DBA6F600DEC640 /* CCDirectorIOS.h */,
				D085AA9613DBA6F600DEC640 /* CCDirectorIOS.m */,
				D085AA9813DBA6F600DEC640 /* CCTouchDelegateProtocol.h */,
				D085AA9913DBA6F600DEC640 /* CCTouchDispatcher.h */,
				D085AA9A13DBA6F600DEC640 /* CCTouchDispatcher.m */,
				D085AA9C13DBA6F600DEC640 /* CCTouchHandler.h */,
				D085AA9D13DBA6F600DEC640 /* CCTouchHandler.m */,
				D085AA9F13DBA6F600DEC640 /* EAGLView.h */,
				D085AAA013DBA6F600DEC640 /* EAGLView.m */,
				D085AAA213DBA6F600DEC640 /* ES1Renderer.h */,
				D085AAA313DBA6F600DEC640 /* ES1Renderer.m */,
				D085AAA513DBA6F600DEC640 /* ESRenderer.h */,
				D085AAA613DBA6F700DEC640 /* glu.c */,
				D085AAA813DBA6F700DEC640 /* glu.h */,
				D085AAA913DBA6F700DEC640 /* CCDirectorMac.h */,
				D085AAAA13DBA6F700DEC640 /* CCDirectorMac.m */,
				D085AAAC13DBA6F700DEC640 /* CCEventDispatcher.h */,
				D085AAAD13DBA6F700DEC640 /* CCEventDispatcher.m */,
				D085AAAF13DBA6F700DEC640 /* MacGLView.h */,
				D085AAB013DBA6F700DEC640 /* MacGLView.m */,
				D085AAB213DBA6F700DEC640 /* MacWindow.h */,
				D085AAB313DBA6F700DEC640 /* MacWindow.m */,
				D085AAB513DBA6F700DEC640 /* base64.c */,
				D085AAB713DBA6F700DEC640 /* base64.h */,
				D085AAB813DBA6F700DEC640 /* CCArray.h */,
				D085AAB913DBA6F700DEC640 /* CCArray.m */,
				D085AABB13DBA6F700DEC640 /* ccCArray.h */,
				D085AABC13DBA6F700DEC640 /* CCFileUtils.h */,
				D085AABD13DBA6F700DEC640 /* CCFileUtils.m */,
				D085AABF13DBA6F700DEC640 /* CCProfiling.h */,
				D085AAC013DBA6F700DEC640 /* CCProfiling.m */,
				D085AAC213DBA6F700DEC640 /* ccUtils.c */,
				D085AAC413DBA6F700DEC640 /* ccUtils.h */,
				D085AAC513DBA6F700DEC640 /* CGPointExtension.h */,
				D085AAC613DBA6F700DEC640 /* CGPointExtension.m */,
				D085AAC813DBA6F700DEC640 /* OpenGL_Internal.h */,
				D085AAC913DBA6F700DEC640 /* TGAlib.h */,
				D085AACA13DBA6F700DEC640 /* TGAlib.m */,
				D085AACC13DBA6F700DEC640 /* TransformUtils.h */,
				D085AACD13DBA6F700DEC640 /* TransformUtils.m */,
				D085AACF13DBA6F700DEC640 /* uthash.h */,
				D085AAD013DBA6F700DEC640 /* utlist.h */,
				D085AAD113DBA6F700DEC640 /* ZipUtils.h */,
				D085AAD213DBA6F700DEC640 /* ZipUtils.m */,
			);
			name = cocos2d;
			sourceTree = "<group>";
		};
		D085AAD413DBA6F700DEC640 /* CocosDenshion */ = {
			isa = PBXGroup;
			children = (
				D085AAD513DBA6F700DEC640 /* CDAudioManager.h */,
				D085AAD613DBA6F700DEC640 /* CDAudioManager.m */,
				D085AAD813DBA6F700DEC640 /* CDConfig.h */,
				D085AAD913DBA6F700DEC640 /* CDOpenALSupport.h */,
				D085AADA13DBA6F700DEC640 /* CDOpenALSupport.m */,
				D085AADC13DBA6F700DEC640 /* CocosDenshion.h */,
				D085AADD13DBA6F700DEC640 /* CocosDenshion.m */,
				D085AADF13DBA6F700DEC640 /* SimpleAudioEngine.h */,
				D085AAE013DBA6F700DEC640 /* SimpleAudioEngine.m */,
			);
			name = CocosDenshion;
			sourceTree = "<group>";
		};
		D085AAE213DBA6F700DEC640 /* cocoslive */ = {
			isa = PBXGroup;
			children = (
				D085AAE313DBA6F700DEC640 /* CLScoreServerPost.h */,
				D085AAE413DBA6F700DEC640 /* CLScoreServerPost.m */,
				D085AAE613DBA6F700DEC640 /* CLScoreServerRequest.h */,
				D085AAE713DBA6F700DEC640 /* CLScoreServerRequest.m */,
				D085AAE913DBA6F700DEC640 /* cocoslive.h */,
				D085AAEA13DBA6F700DEC640 /* cocoslive.m */,
			);
			name = cocoslive;
			sourceTree = "<group>";
		};
		D085AAEC13DBA6F700DEC640 /* FontLabel */ = {
			isa = PBXGroup;
			children = (
				D085AAED13DBA6F700DEC640 /* FontLabel.h */,
				D085AAEE13DBA6F700DEC640 /* FontLabel.m */,
				D085AAF013DBA6F700DEC640 /* FontLabelStringDrawing.h */,
				D085AAF113DBA6F700DEC640 /* FontLabelStringDrawing.m */,
				D085AAF313DBA6F700DEC640 /* FontManager.h */,
				D085AAF413DBA6F700DEC640 /* FontManager.m */,
				D085AAF613DBA6F700DEC640 /* ZAttributedString.h */,
				D085AAF713DBA6F700DEC640 /* ZAttributedString.m */,
				D085AAF913DBA6F700DEC640 /* ZAttributedStringPrivate.h */,
				D085AAFA13DBA6F700DEC640 /* ZFont.h */,
				D085AAFB13DBA6F700DEC640 /* ZFont.m */,
			);
			name = FontLabel;
			sourceTree = "<group>";
		};
		D085AAFD13DBA6F700DEC640 /* TouchJSON */ = {
			isa = PBXGroup;
			children = (
				D085AAFE13DBA6F700DEC640 /* CDataScanner.h */,
				D085AAFF13DBA6F700DEC640 /* CDataScanner.m */,
				D085AB0113DBA6F700DEC640 /* CDataScanner_Extensions.h */,
				D085AB0213DBA6F700DEC640 /* CDataScanner_Extensions.m */,
				D085AB0413DBA6F700DEC640 /* NSCharacterSet_Extensions.h */,
				D085AB0513DBA6F700DEC640 /* NSCharacterSet_Extensions.m */,
				D085AB0713DBA6F700DEC640 /* NSDictionary_JSONExtensions.h */,
				D085AB0813DBA6F700DEC640 /* NSDictionary_JSONExtensions.m */,
				D085AB0A13DBA6F700DEC640 /* NSScanner_Extensions.h */,
				D085AB0B13DBA6F700DEC640 /* NSScanner_Extensions.m */,
				D085AB0D13DBA6F700DEC640 /* CJSONDeserializer.h */,
				D085AB0E13DBA6F700DEC640 /* CJSONDeserializer.m */,
				D085AB1013DBA6F700DEC640 /* CJSONScanner.h */,
				D085AB1113DBA6F700DEC640 /* CJSONScanner.m */,
				D085AB1313DBA6F700DEC640 /* CJSONSerializer.h */,
				D085AB1413DBA6F700DEC640 /* CJSONSerializer.m */,
			);
			name = TouchJSON;
			sourceTree = "<group>";
		};
		D085AB1613DBA6F700DEC640 /* Supporting Files */ = {
			isa = PBXGroup;
			children = (
				D085AB1713DBA6F700DEC640 /* Prefix.pch */,
				D085AB1813DBA6F700DEC640 /* main.m */,
			);
			name = "Supporting Files";
			sourceTree = "<group>";
		};
/* End PBXGroup section */

/* Begin PBXNativeTarget section */
		D085A9B913DBA6F500DEC640 /* DeadRooms */ = {
			isa = PBXNativeTarget;
			buildConfigurationList = D085AB2613DBA6F700DEC640 /* Build configuration list for PBXNativeTarget "DeadRooms" */;
			buildPhases = (
				D085A9B613DBA6F500DEC640 /* Sources */,
				D085A9B713DBA6F500DEC640 /* Frameworks */,
				D085A9B813DBA6F500DEC640 /* Resources */,
			);
			buildRules = (
			);
			dependencies = (
			);
			name = DeadRooms;
			productName = DeadRooms;
			productReference = D085A9BA13DBA6F500DEC640 /* DeadRooms.app */;
			productType = "com.apple.product-type.application";
		};
/* End PBXNativeTarget section */

/* Begin PBXProject section */
		D085A9B113DBA6F500DEC640 /* Project object */ = {
			isa = PBXProject;
			buildConfigurationList = D085A9B413DBA6F500DEC640 /* Build configuration list for PBXProject "DeadRooms" */;
			compatibilityVersion = "Xcode 3.2";
			developmentRegion = English;
			hasScannedForEncodings = 0;
			knownRegions = (
				en,
			);
			mainGroup = D085A9AF13DBA6F500DEC640;
			productRefGroup = D085A9BB13DBA6F500DEC640 /* Products */;
			projectDirPath = "";
			projectRoot = "";
			targets = (
				D085A9B913DBA6F500DEC640 /* DeadRooms */,
			);
		};
/* End PBXProject section */

/* Begin PBXResourcesBuildPhase section */
		D085A9B813DBA6F500DEC640 /* Resources */ = {
			isa = PBXResourcesBuildPhase;
			buildActionMask = 2147483647;
			files = (
				D085A9D113DBA6F500DEC640 /* Default.png in Resources */,
				D085A9D313DBA6F500DEC640 /* fps_images.png in Resources */,
				D085A9D513DBA6F500DEC640 /* Icon-72.png in Resources */,
				D085A9D713DBA6F500DEC640 /* Icon-Small-50.png in Resources */,
				D085A9D913DBA6F500DEC640 /* Icon-Small.png in Resources */,
				D085A9DB13DBA6F500DEC640 /* Icon-Small@2x.png in Resources */,
				D085A9DD13DBA6F500DEC640 /* Icon.png in Resources */,
				D085A9DF13DBA6F500DEC640 /* Icon@2x.png in Resources */,
				D085A9E213DBA6F500DEC640 /* iTunesArtwork in Resources */,
			);
			runOnlyForDeploymentPostprocessing = 0;
		};
/* End PBXResourcesBuildPhase section */

/* Begin PBXSourcesBuildPhase section */
		D085A9B613DBA6F500DEC640 /* Sources */ = {
			isa = PBXSourcesBuildPhase;
			buildActionMask = 2147483647;
			files = (
				D085A9E613DBA6F500DEC640 /* CCAction.m in Sources */,
				D085A9E913DBA6F500DEC640 /* CCActionCamera.m in Sources */,
				D085A9EC13DBA6F500DEC640 /* CCActionEase.m in Sources */,
				D085A9EF13DBA6F500DEC640 /* CCActionGrid.m in Sources */,
				D085A9F213DBA6F500DEC640 /* CCActionGrid3D.m in Sources */,
				D085A9F513DBA6F600DEC640 /* CCActionInstant.m in Sources */,
				D085A9F813DBA6F600DEC640 /* CCActionInterval.m in Sources */,
				D085A9FB13DBA6F600DEC640 /* CCActionManager.m in Sources */,
				D085A9FE13DBA6F600DEC640 /* CCActionPageTurn3D.m in Sources */,
				D085AA0113DBA6F600DEC640 /* CCActionProgressTimer.m in Sources */,
				D085AA0413DBA6F600DEC640 /* CCActionTiledGrid.m in Sources */,
				D085AA0713DBA6F600DEC640 /* CCActionTween.m in Sources */,
				D085AA0A13DBA6F600DEC640 /* CCAnimation.m in Sources */,
				D085AA0D13DBA6F600DEC640 /* CCAnimationCache.m in Sources */,
				D085AA1013DBA6F600DEC640 /* CCAtlasNode.m in Sources */,
				D085AA1313DBA6F600DEC640 /* CCBlockSupport.m in Sources */,
				D085AA1613DBA6F600DEC640 /* CCCamera.m in Sources */,
				D085AA1A13DBA6F600DEC640 /* CCConfiguration.m in Sources */,
				D085AA1D13DBA6F600DEC640 /* CCDirector.m in Sources */,
				D085AA2013DBA6F600DEC640 /* CCDrawingPrimitives.m in Sources */,
				D085AA2313DBA6F600DEC640 /* CCGrabber.m in Sources */,
				D085AA2613DBA6F600DEC640 /* CCGrid.m in Sources */,
				D085AA2913DBA6F600DEC640 /* CCLabelAtlas.m in Sources */,
				D085AA2C13DBA6F600DEC640 /* CCLabelBMFont.m in Sources */,
				D085AA2F13DBA6F600DEC640 /* CCLabelTTF.m in Sources */,
				D085AA3213DBA6F600DEC640 /* CCLayer.m in Sources */,
				D085AA3613DBA6F600DEC640 /* CCMenu.m in Sources */,
				D085AA3913DBA6F600DEC640 /* CCMenuItem.m in Sources */,
				D085AA3C13DBA6F600DEC640 /* CCMotionStreak.m in Sources */,
				D085AA3F13DBA6F600DEC640 /* CCNode.m in Sources */,
				D085AA4213DBA6F600DEC640 /* CCParallaxNode.m in Sources */,
				D085AA4513DBA6F600DEC640 /* CCParticleExamples.m in Sources */,
				D085AA4813DBA6F600DEC640 /* CCParticleSystem.m in Sources */,
				D085AA4B13DBA6F600DEC640 /* CCParticleSystemPoint.m in Sources */,
				D085AA4E13DBA6F600DEC640 /* CCParticleSystemQuad.m in Sources */,
				D085AA5113DBA6F600DEC640 /* CCProgressTimer.m in Sources */,
				D085AA5513DBA6F600DEC640 /* CCRenderTexture.m in Sources */,
				D085AA5813DBA6F600DEC640 /* CCRibbon.m in Sources */,
				D085AA5B13DBA6F600DEC640 /* CCScene.m in Sources */,
				D085AA5E13DBA6F600DEC640 /* CCScheduler.m in Sources */,
				D085AA6113DBA6F600DEC640 /* CCSprite.m in Sources */,
				D085AA6413DBA6F600DEC640 /* CCSpriteBatchNode.m in Sources */,
				D085AA6713DBA6F600DEC640 /* CCSpriteFrame.m in Sources */,
				D085AA6A13DBA6F600DEC640 /* CCSpriteFrameCache.m in Sources */,
				D085AA6D13DBA6F600DEC640 /* CCTexture2D.m in Sources */,
				D085AA7013DBA6F600DEC640 /* CCTextureAtlas.m in Sources */,
				D085AA7313DBA6F600DEC640 /* CCTextureCache.m in Sources */,
				D085AA7613DBA6F600DEC640 /* CCTexturePVR.m in Sources */,
				D085AA7913DBA6F600DEC640 /* CCTileMapAtlas.m in Sources */,
				D085AA7C13DBA6F600DEC640 /* CCTMXLayer.m in Sources */,
				D085AA7F13DBA6F600DEC640 /* CCTMXObjectGroup.m in Sources */,
				D085AA8213DBA6F600DEC640 /* CCTMXTiledMap.m in Sources */,
				D085AA8513DBA6F600DEC640 /* CCTMXXMLParser.m in Sources */,
				D085AA8813DBA6F600DEC640 /* CCTransition.m in Sources */,
				D085AA8B13DBA6F600DEC640 /* CCTransitionPageTurn.m in Sources */,
				D085AA8E13DBA6F600DEC640 /* CCTransitionRadial.m in Sources */,
				D085AA9213DBA6F600DEC640 /* cocos2d.m in Sources */,
				D085AA9713DBA6F600DEC640 /* CCDirectorIOS.m in Sources */,
				D085AA9B13DBA6F600DEC640 /* CCTouchDispatcher.m in Sources */,
				D085AA9E13DBA6F600DEC640 /* CCTouchHandler.m in Sources */,
				D085AAA113DBA6F600DEC640 /* EAGLView.m in Sources */,
				D085AAA413DBA6F600DEC640 /* ES1Renderer.m in Sources */,
				D085AAA713DBA6F700DEC640 /* glu.c in Sources */,
				D085AAAB13DBA6F700DEC640 /* CCDirectorMac.m in Sources */,
				D085AAAE13DBA6F700DEC640 /* CCEventDispatcher.m in Sources */,
				D085AAB113DBA6F700DEC640 /* MacGLView.m in Sources */,
				D085AAB413DBA6F700DEC640 /* MacWindow.m in Sources */,
				D085AAB613DBA6F700DEC640 /* base64.c in Sources */,
				D085AABA13DBA6F700DEC640 /* CCArray.m in Sources */,
				D085AABE13DBA6F700DEC640 /* CCFileUtils.m in Sources */,
				D085AAC113DBA6F700DEC640 /* CCProfiling.m in Sources */,
				D085AAC313DBA6F700DEC640 /* ccUtils.c in Sources */,
				D085AAC713DBA6F700DEC640 /* CGPointExtension.m in Sources */,
				D085AACB13DBA6F700DEC640 /* TGAlib.m in Sources */,
				D085AACE13DBA6F700DEC640 /* TransformUtils.m in Sources */,
				D085AAD313DBA6F700DEC640 /* ZipUtils.m in Sources */,
				D085AAD713DBA6F700DEC640 /* CDAudioManager.m in Sources */,
				D085AADB13DBA6F700DEC640 /* CDOpenALSupport.m in Sources */,
				D085AADE13DBA6F700DEC640 /* CocosDenshion.m in Sources */,
				D085AAE113DBA6F700DEC640 /* SimpleAudioEngine.m in Sources */,
				D085AAE513DBA6F700DEC640 /* CLScoreServerPost.m in Sources */,
				D085AAE813DBA6F700DEC640 /* CLScoreServerRequest.m in Sources */,
				D085AAEB13DBA6F700DEC640 /* cocoslive.m in Sources */,
				D085AAEF13DBA6F700DEC640 /* FontLabel.m in Sources */,
				D085AAF213DBA6F700DEC640 /* FontLabelStringDrawing.m in Sources */,
				D085AAF513DBA6F700DEC640 /* FontManager.m in Sources */,
				D085AAF813DBA6F700DEC640 /* ZAttributedString.m in Sources */,
				D085AAFC13DBA6F700DEC640 /* ZFont.m in Sources */,
				D085AB0013DBA6F700DEC640 /* CDataScanner.m in Sources */,
				D085AB0313DBA6F700DEC640 /* CDataScanner_Extensions.m in Sources */,
				D085AB0613DBA6F700DEC640 /* NSCharacterSet_Extensions.m in Sources */,
				D085AB0913DBA6F700DEC640 /* NSDictionary_JSONExtensions.m in Sources */,
				D085AB0C13DBA6F700DEC640 /* NSScanner_Extensions.m in Sources */,
				D085AB0F13DBA6F700DEC640 /* CJSONDeserializer.m in Sources */,
				D085AB1213DBA6F700DEC640 /* CJSONScanner.m in Sources */,
				D085AB1513DBA6F700DEC640 /* CJSONSerializer.m in Sources */,
				D085AB1913DBA6F700DEC640 /* main.m in Sources */,
				D085AB1C13DBA6F700DEC640 /* AppDelegate.m in Sources */,
				D085AB1F13DBA6F700DEC640 /* RootViewController.m in Sources */,
				D085AB2213DBA6F700DEC640 /* HelloWorldLayer.m in Sources */,
			);
			runOnlyForDeploymentPostprocessing = 0;
		};
/* End PBXSourcesBuildPhase section */

/* Begin XCBuildConfiguration section */
		D085AB2413DBA6F700DEC640 /* Debug */ = {
			isa = XCBuildConfiguration;
			buildSettings = {
				ARCHS = "$(ARCHS_STANDARD_32_BIT)";
				"CODE_SIGN_IDENTITY[sdk=iphoneos*]" = "iPhone Developer";
				GCC_C_LANGUAGE_STANDARD = gnu99;
				GCC_OPTIMIZATION_LEVEL = 0;
				GCC_PREPROCESSOR_DEFINITIONS = (
					DEBUG,
					"COCOS2D_DEBUG=1",
				);
				GCC_SYMBOLS_PRIVATE_EXTERN = NO;
				GCC_VERSION = com.apple.compilers.llvmgcc42;
				GCC_WARN_ABOUT_RETURN_TYPE = YES;
				GCC_WARN_UNUSED_VARIABLE = YES;
				IPHONEOS_DEPLOYMENT_TARGET = 4.3;
				SDKROOT = iphoneos;
			};
			name = Debug;
		};
		D085AB2513DBA6F700DEC640 /* Release */ = {
			isa = XCBuildConfiguration;
			buildSettings = {
				ARCHS = "$(ARCHS_STANDARD_32_BIT)";
				"CODE_SIGN_IDENTITY[sdk=iphoneos*]" = "iPhone Developer";
				GCC_C_LANGUAGE_STANDARD = gnu99;
				GCC_PREPROCESSOR_DEFINITIONS = NDEBUG;
				GCC_VERSION = com.apple.compilers.llvmgcc42;
				GCC_WARN_ABOUT_RETURN_TYPE = YES;
				GCC_WARN_UNUSED_VARIABLE = YES;
				IPHONEOS_DEPLOYMENT_TARGET = 4.3;
				OTHER_CFLAGS = "-DNS_BLOCK_ASSERTIONS=1";
				SDKROOT = iphoneos;
			};
			name = Release;
		};
		D085AB2713DBA6F700DEC640 /* Debug */ = {
			isa = XCBuildConfiguration;
			buildSettings = {
				ALWAYS_SEARCH_USER_PATHS = NO;
				COPY_PHASE_STRIP = NO;
				GCC_DYNAMIC_NO_PIC = NO;
				GCC_PRECOMPILE_PREFIX_HEADER = YES;
				GCC_PREFIX_HEADER = DeadRooms/Prefix.pch;
				"GCC_THUMB_SUPPORT[arch=armv6]" = "";
				INFOPLIST_FILE = DeadRooms/Resources/Info.plist;
				OTHER_LDFLAGS = "-lz";
				PRODUCT_NAME = "$(TARGET_NAME)";
				WRAPPER_EXTENSION = app;
			};
			name = Debug;
		};
		D085AB2813DBA6F700DEC640 /* Release */ = {
			isa = XCBuildConfiguration;
			buildSettings = {
				ALWAYS_SEARCH_USER_PATHS = NO;
				COPY_PHASE_STRIP = YES;
				GCC_PRECOMPILE_PREFIX_HEADER = YES;
				GCC_PREFIX_HEADER = DeadRooms/Prefix.pch;
				"GCC_THUMB_SUPPORT[arch=armv6]" = "";
				INFOPLIST_FILE = DeadRooms/Resources/Info.plist;
				OTHER_LDFLAGS = "-lz";
				PRODUCT_NAME = "$(TARGET_NAME)";
				VALIDATE_PRODUCT = YES;
				WRAPPER_EXTENSION = app;
			};
			name = Release;
		};
/* End XCBuildConfiguration section */

/* Begin XCConfigurationList section */
		D085A9B413DBA6F500DEC640 /* Build configuration list for PBXProject "DeadRooms" */ = {
			isa = XCConfigurationList;
			buildConfigurations = (
				D085AB2413DBA6F700DEC640 /* Debug */,
				D085AB2513DBA6F700DEC640 /* Release */,
			);
			defaultConfigurationIsVisible = 0;
			defaultConfigurationName = Release;
		};
		D085AB2613DBA6F700DEC640 /* Build configuration list for PBXNativeTarget "DeadRooms" */ = {
			isa = XCConfigurationList;
			buildConfigurations = (
				D085AB2713DBA6F700DEC640 /* Debug */,
				D085AB2813DBA6F700DEC640 /* Release */,
			);
			defaultConfigurationIsVisible = 0;
		};
/* End XCConfigurationList section */
	};
	rootObject = D085A9B113DBA6F500DEC640 /* Project object */;
}
